// !$*UTF8*$!
{
	archiveVersion = 1;
	classes = {
	};
	objectVersion = 55;
	objects = {

/* Begin PBXBuildFile section */
		3A0074162901D4AE0078AADF /* ImageComment.swift in Sources */ = {isa = PBXBuildFile; fileRef = 3A0074152901D4AE0078AADF /* ImageComment.swift */; };
		3A0C28D828BD4326009989AD /* LoadFeedFromCacheUseCaseTests.swift in Sources */ = {isa = PBXBuildFile; fileRef = 3A0C28D728BD4326009989AD /* LoadFeedFromCacheUseCaseTests.swift */; };
		3A0C28DB28BD448F009989AD /* FeedStoreSpy.swift in Sources */ = {isa = PBXBuildFile; fileRef = 3A0C28DA28BD448F009989AD /* FeedStoreSpy.swift */; };
		3A11DA8328ECA4AA009A5C90 /* NSManagedObjectContextStub.swift in Sources */ = {isa = PBXBuildFile; fileRef = 3A11DA8228ECA4AA009A5C90 /* NSManagedObjectContextStub.swift */; };
		3A139EF028EB0C44008FA78B /* LoadImageFromRemoteUseCase.swift in Sources */ = {isa = PBXBuildFile; fileRef = 3A139EEF28EB0C43008FA78B /* LoadImageFromRemoteUseCase.swift */; };
		3A139EF228EB0E3F008FA78B /* HTTPClientSpy.swift in Sources */ = {isa = PBXBuildFile; fileRef = 3A139EF128EB0E3F008FA78B /* HTTPClientSpy.swift */; };
		3A139EF528EB2F0C008FA78B /* RemoteImageLoader.swift in Sources */ = {isa = PBXBuildFile; fileRef = 3A139EF428EB2F0C008FA78B /* RemoteImageLoader.swift */; };
		3A139EF928EB67EA008FA78B /* LoadFeedImageFromCacheUseCaseTests.swift in Sources */ = {isa = PBXBuildFile; fileRef = 3A139EF828EB67EA008FA78B /* LoadFeedImageFromCacheUseCaseTests.swift */; };
		3A2471B928E33D8C0081334F /* ErrorView.swift in Sources */ = {isa = PBXBuildFile; fileRef = 3A2471B828E33D8C0081334F /* ErrorView.swift */; };
		3A31ED1D28DB596B004DF769 /* UITableView+dequeueReusableCell.swift in Sources */ = {isa = PBXBuildFile; fileRef = 3A31ED1C28DB596B004DF769 /* UITableView+dequeueReusableCell.swift */; };
		3A341CEA28BEC14D00B427F3 /* FeedCachePolicy.swift in Sources */ = {isa = PBXBuildFile; fileRef = 3A341CE928BEC14D00B427F3 /* FeedCachePolicy.swift */; };
		3A341CF028C02AB100B427F3 /* FeedStoreSpecs.swift in Sources */ = {isa = PBXBuildFile; fileRef = 3A341CEF28C02AB100B427F3 /* FeedStoreSpecs.swift */; };
		3A341CF228C02B5700B427F3 /* XCTestCase+FeedStoreSpecs.swift in Sources */ = {isa = PBXBuildFile; fileRef = 3A341CF128C02B5700B427F3 /* XCTestCase+FeedStoreSpecs.swift */; };
		3A341CF428C0338A00B427F3 /* XCTestCase+FailableRetrieveFeedStoreSpecs.swift in Sources */ = {isa = PBXBuildFile; fileRef = 3A341CF328C0338A00B427F3 /* XCTestCase+FailableRetrieveFeedStoreSpecs.swift */; };
		3A341CF628C0342700B427F3 /* XCTestCase+FailableInsertFeedStoreSpecs.swift in Sources */ = {isa = PBXBuildFile; fileRef = 3A341CF528C0342700B427F3 /* XCTestCase+FailableInsertFeedStoreSpecs.swift */; };
		3A341CF828C0345600B427F3 /* XCTestCase+FailableDeleteFeedStoreSpecs.swift in Sources */ = {isa = PBXBuildFile; fileRef = 3A341CF728C0345600B427F3 /* XCTestCase+FailableDeleteFeedStoreSpecs.swift */; };
		3A345A91290190E8006B7258 /* ImageCommentsMapperTests.swift in Sources */ = {isa = PBXBuildFile; fileRef = 3A345A90290190E8006B7258 /* ImageCommentsMapperTests.swift */; };
		3A345A9529019179006B7258 /* ImageCommentsMapper.swift in Sources */ = {isa = PBXBuildFile; fileRef = 3A345A9429019179006B7258 /* ImageCommentsMapper.swift */; };
		3A34AB9D28BD852D00010C09 /* FeedCacheHelpers.swift in Sources */ = {isa = PBXBuildFile; fileRef = 3A34AB9C28BD852D00010C09 /* FeedCacheHelpers.swift */; };
		3A40290228B4BC7A00E420F5 /* XCTestCase+testMemoryLeak.swift in Sources */ = {isa = PBXBuildFile; fileRef = 3A40290128B4BC7A00E420F5 /* XCTestCase+testMemoryLeak.swift */; };
		3A43540D28E5CE1800C1A7D9 /* FeedImagePresenterTests.swift in Sources */ = {isa = PBXBuildFile; fileRef = 3A43540C28E5CE1800C1A7D9 /* FeedImagePresenterTests.swift */; };
		3A43540F28E5DD4100C1A7D9 /* FeedImagePresenter.swift in Sources */ = {isa = PBXBuildFile; fileRef = 3A43540E28E5DD4100C1A7D9 /* FeedImagePresenter.swift */; };
		3A43541328E5DD7700C1A7D9 /* FeedImageViewModel.swift in Sources */ = {isa = PBXBuildFile; fileRef = 3A43541228E5DD7700C1A7D9 /* FeedImageViewModel.swift */; };
		3A44CB1528B1A1F3006EE8DB /* FeedItemsMapperTests.swift in Sources */ = {isa = PBXBuildFile; fileRef = 3A44CB1428B1A1F3006EE8DB /* FeedItemsMapperTests.swift */; };
		3A55F66828F0676D0068DE48 /* FeedCache.swift in Sources */ = {isa = PBXBuildFile; fileRef = 3A55F66728F0676D0068DE48 /* FeedCache.swift */; };
		3A5C698B28CA331A00E0E759 /* EssentialFeediOS.framework in Frameworks */ = {isa = PBXBuildFile; fileRef = 3A5C698328CA331900E0E759 /* EssentialFeediOS.framework */; };
		3A678ADF28B7C559009D5FC9 /* LocalFeedLoader.swift in Sources */ = {isa = PBXBuildFile; fileRef = 3A678ADE28B7C559009D5FC9 /* LocalFeedLoader.swift */; };
		3A678AE128B7C580009D5FC9 /* FeedStore.swift in Sources */ = {isa = PBXBuildFile; fileRef = 3A678AE028B7C580009D5FC9 /* FeedStore.swift */; };
		3A6E99BB28CAA6CE00DE9562 /* EssentialFeed.framework in Frameworks */ = {isa = PBXBuildFile; fileRef = 3A6EE46028B16B32001AC8C2 /* EssentialFeed.framework */; platformFilter = ios; };
		3A6E99BC28CAA6CE00DE9562 /* EssentialFeed.framework in Embed Frameworks */ = {isa = PBXBuildFile; fileRef = 3A6EE46028B16B32001AC8C2 /* EssentialFeed.framework */; platformFilter = ios; settings = {ATTRIBUTES = (CodeSignOnCopy, RemoveHeadersOnCopy, ); }; };
		3A6E99C028CAAD5900DE9562 /* XCTestCase+testMemoryLeak.swift in Sources */ = {isa = PBXBuildFile; fileRef = 3A40290128B4BC7A00E420F5 /* XCTestCase+testMemoryLeak.swift */; };
		3A6E99C228CAB43F00DE9562 /* FeedViewController.swift in Sources */ = {isa = PBXBuildFile; fileRef = 3A6E99C128CAB43F00DE9562 /* FeedViewController.swift */; };
		3A6E99C328CAB7B200DE9562 /* SharedHelpers.swift in Sources */ = {isa = PBXBuildFile; fileRef = 3AC4F9E428B3FDEC0067CE4C /* SharedHelpers.swift */; };
		3A6EE46928B16B33001AC8C2 /* EssentialFeed.framework in Frameworks */ = {isa = PBXBuildFile; fileRef = 3A6EE46028B16B32001AC8C2 /* EssentialFeed.framework */; };
		3A6EE47928B16B70001AC8C2 /* FeedImage.swift in Sources */ = {isa = PBXBuildFile; fileRef = 3A6EE47828B16B70001AC8C2 /* FeedImage.swift */; };
		3A75C30D28C22FA400537D64 /* CoreDataFeedStoreTests.swift in Sources */ = {isa = PBXBuildFile; fileRef = 3A75C30C28C22FA400537D64 /* CoreDataFeedStoreTests.swift */; };
		3A7D2B8829114A4500867205 /* ImageCommentsSnapshotTests.swift in Sources */ = {isa = PBXBuildFile; fileRef = 3A7D2B8729114A4500867205 /* ImageCommentsSnapshotTests.swift */; };
		3A7D2B8A29114ACF00867205 /* ImageCommentsViewController.swift in Sources */ = {isa = PBXBuildFile; fileRef = 3A7D2B8929114ACF00867205 /* ImageCommentsViewController.swift */; };
		3A7D2B8C29114BE600867205 /* ImageComments.storyboard in Resources */ = {isa = PBXBuildFile; fileRef = 3A7D2B8B29114BE600867205 /* ImageComments.storyboard */; };
		3A7D2B8E29114DA000867205 /* ImageCommentsViewController+TestHelpers.swift in Sources */ = {isa = PBXBuildFile; fileRef = 3A7D2B8D29114DA000867205 /* ImageCommentsViewController+TestHelpers.swift */; };
		3A7D2B9029114ECC00867205 /* ImageCommentCellController.swift in Sources */ = {isa = PBXBuildFile; fileRef = 3A7D2B8F29114ECC00867205 /* ImageCommentCellController.swift */; };
		3A7D2B9229114F6F00867205 /* ImageCommentCell.swift in Sources */ = {isa = PBXBuildFile; fileRef = 3A7D2B9129114F6F00867205 /* ImageCommentCell.swift */; };
		3A7D2B9429115F8D00867205 /* SnapshotTestHelpers.swift in Sources */ = {isa = PBXBuildFile; fileRef = 3A7D2B9329115F8D00867205 /* SnapshotTestHelpers.swift */; };
		3A7FB31C28DA7EEB001DAD50 /* Feed.storyboard in Resources */ = {isa = PBXBuildFile; fileRef = 3A7FB31B28DA7EEB001DAD50 /* Feed.storyboard */; };
		3A7FB31E28DA7F13001DAD50 /* Feed.xcassets in Resources */ = {isa = PBXBuildFile; fileRef = 3A7FB31D28DA7F13001DAD50 /* Feed.xcassets */; };
		3A856EA428C780E100961DC6 /* EssentialFeedCacheIntegrationTests.swift in Sources */ = {isa = PBXBuildFile; fileRef = 3A856EA328C780E100961DC6 /* EssentialFeedCacheIntegrationTests.swift */; };
		3A856EA528C780E100961DC6 /* EssentialFeed.framework in Frameworks */ = {isa = PBXBuildFile; fileRef = 3A6EE46028B16B32001AC8C2 /* EssentialFeed.framework */; };
		3A856EAB28C7831E00961DC6 /* FeedCacheHelpers.swift in Sources */ = {isa = PBXBuildFile; fileRef = 3A34AB9C28BD852D00010C09 /* FeedCacheHelpers.swift */; };
		3A856EAC28C7840200961DC6 /* SharedHelpers.swift in Sources */ = {isa = PBXBuildFile; fileRef = 3AC4F9E428B3FDEC0067CE4C /* SharedHelpers.swift */; };
		3A856EAD28C7855400961DC6 /* XCTestCase+testMemoryLeak.swift in Sources */ = {isa = PBXBuildFile; fileRef = 3A40290128B4BC7A00E420F5 /* XCTestCase+testMemoryLeak.swift */; };
		3A8A138A28CE1E8900F2D5DB /* FeedImageCell.swift in Sources */ = {isa = PBXBuildFile; fileRef = 3A8A138928CE1E8900F2D5DB /* FeedImageCell.swift */; };
		3A8A138D28CE1ECE00F2D5DB /* FeedImageLoader.swift in Sources */ = {isa = PBXBuildFile; fileRef = 3A8A138B28CE1EB700F2D5DB /* FeedImageLoader.swift */; };
		3A8B9F9628B51A0400F0AABD /* EssentialFeedEndToEndTests.swift in Sources */ = {isa = PBXBuildFile; fileRef = 3A8B9F9528B51A0400F0AABD /* EssentialFeedEndToEndTests.swift */; };
		3A8B9F9728B51A0400F0AABD /* EssentialFeed.framework in Frameworks */ = {isa = PBXBuildFile; fileRef = 3A6EE46028B16B32001AC8C2 /* EssentialFeed.framework */; };
		3A90DA0528EC61370092931D /* LocalFeedImageLoader.swift in Sources */ = {isa = PBXBuildFile; fileRef = 3A90DA0428EC61370092931D /* LocalFeedImageLoader.swift */; };
		3A90DA0728EC75790092931D /* FeedImageStore.swift in Sources */ = {isa = PBXBuildFile; fileRef = 3A90DA0628EC75790092931D /* FeedImageStore.swift */; };
		3A90DA0928EC76A30092931D /* CacheFeedImageUseCase.swift in Sources */ = {isa = PBXBuildFile; fileRef = 3A90DA0828EC76A30092931D /* CacheFeedImageUseCase.swift */; };
		3A90DA0B28EC77590092931D /* FeedImageStoreSpy.swift in Sources */ = {isa = PBXBuildFile; fileRef = 3A90DA0A28EC77590092931D /* FeedImageStoreSpy.swift */; };
		3A90DA0D28EC7BA40092931D /* CoreDataFeedImageStoreTests.swift in Sources */ = {isa = PBXBuildFile; fileRef = 3A90DA0C28EC7BA40092931D /* CoreDataFeedImageStoreTests.swift */; };
		3A92328128D74EE4008C879F /* FeedImageCellController.swift in Sources */ = {isa = PBXBuildFile; fileRef = 3A92328028D74EE4008C879F /* FeedImageCellController.swift */; };
		3A9958BE28BE38C40049BF44 /* ValidateCacheUseCaseTests.swift in Sources */ = {isa = PBXBuildFile; fileRef = 3A9958BD28BE38C40049BF44 /* ValidateCacheUseCaseTests.swift */; };
		3A9991A82906D2BB007CF168 /* URLProtocolStub.swift in Sources */ = {isa = PBXBuildFile; fileRef = 3A9991A72906D2BB007CF168 /* URLProtocolStub.swift */; };
		3A99D19A28BCABD700E4B41C /* LocalFeedImage.swift in Sources */ = {isa = PBXBuildFile; fileRef = 3A99D19928BCABD700E4B41C /* LocalFeedImage.swift */; };
		3A9D718628CD26B500F207ED /* UIView+Shimmering.swift in Sources */ = {isa = PBXBuildFile; fileRef = 3A9D718528CD26B500F207ED /* UIView+Shimmering.swift */; };
		3A9F011128C6C146000B0299 /* ManagedFeedImage.swift in Sources */ = {isa = PBXBuildFile; fileRef = 3A9F011028C6C146000B0299 /* ManagedFeedImage.swift */; };
		3A9F011328C6C15C000B0299 /* ManagedCache.swift in Sources */ = {isa = PBXBuildFile; fileRef = 3A9F011228C6C15C000B0299 /* ManagedCache.swift */; };
		3A9F011528C732FC000B0299 /* CoreDataHelpers.swift in Sources */ = {isa = PBXBuildFile; fileRef = 3A9F011428C732FC000B0299 /* CoreDataHelpers.swift */; };
		3AA1C10D28E508380027CB35 /* FeedPresenterTests.swift in Sources */ = {isa = PBXBuildFile; fileRef = 3AA1C10C28E508380027CB35 /* FeedPresenterTests.swift */; };
		3AA1C11028E50CF40027CB35 /* FeedPresenter.swift in Sources */ = {isa = PBXBuildFile; fileRef = 3AA1C10F28E50CF40027CB35 /* FeedPresenter.swift */; };
		3AA1C11328E50EFD0027CB35 /* Feed.strings in Resources */ = {isa = PBXBuildFile; fileRef = 3AA1C11528E50EFD0027CB35 /* Feed.strings */; };
		3AA1C11828E517720027CB35 /* FeedViewModel.swift in Sources */ = {isa = PBXBuildFile; fileRef = 3AA1C11728E517720027CB35 /* FeedViewModel.swift */; };
		3AA1C11C28E517A50027CB35 /* ResourceLoadingViewModel.swift in Sources */ = {isa = PBXBuildFile; fileRef = 3AA1C11B28E517A50027CB35 /* ResourceLoadingViewModel.swift */; };
		3AA1C11E28E517B70027CB35 /* ResourceLoadingView.swift in Sources */ = {isa = PBXBuildFile; fileRef = 3AA1C11D28E517B70027CB35 /* ResourceLoadingView.swift */; };
		3AA1C12028E517C60027CB35 /* ResourceErrorViewModel.swift in Sources */ = {isa = PBXBuildFile; fileRef = 3AA1C11F28E517C60027CB35 /* ResourceErrorViewModel.swift */; };
		3AA1C12228E517D30027CB35 /* ResourceErrorView.swift in Sources */ = {isa = PBXBuildFile; fileRef = 3AA1C12128E517D30027CB35 /* ResourceErrorView.swift */; };
		3AB6915228F45C6900FCDD7B /* FeedSnapshotTests.swift in Sources */ = {isa = PBXBuildFile; fileRef = 3AB6915128F45C6900FCDD7B /* FeedSnapshotTests.swift */; };
		3AB6915428F4951C00FCDD7B /* UITableView+HeaderSizing.swift in Sources */ = {isa = PBXBuildFile; fileRef = 3AB6915328F4951C00FCDD7B /* UITableView+HeaderSizing.swift */; };
		3ABA207B28B6E84E002D31BF /* CacheFeedUseCaseTests.swift in Sources */ = {isa = PBXBuildFile; fileRef = 3ABA207A28B6E84E002D31BF /* CacheFeedUseCaseTests.swift */; };
		3ABC1B4228B54F5800AA711B /* XCTestCase+testMemoryLeak.swift in Sources */ = {isa = PBXBuildFile; fileRef = 3A40290128B4BC7A00E420F5 /* XCTestCase+testMemoryLeak.swift */; };
		3AC4F9DF28B3C6F70067CE4C /* HTTPClient.swift in Sources */ = {isa = PBXBuildFile; fileRef = 3AC4F9DE28B3C6F70067CE4C /* HTTPClient.swift */; };
		3AC4F9E128B3C72A0067CE4C /* FeedItemsMapper.swift in Sources */ = {isa = PBXBuildFile; fileRef = 3AC4F9E028B3C72A0067CE4C /* FeedItemsMapper.swift */; };
		3AC4F9E328B3EF570067CE4C /* URLSessionHTTPClientTests.swift in Sources */ = {isa = PBXBuildFile; fileRef = 3AC4F9E228B3EF570067CE4C /* URLSessionHTTPClientTests.swift */; };
		3AC4F9E528B3FDEC0067CE4C /* SharedHelpers.swift in Sources */ = {isa = PBXBuildFile; fileRef = 3AC4F9E428B3FDEC0067CE4C /* SharedHelpers.swift */; };
		3ACE9F5428B4460D00C7A772 /* URLSessionHTTPClient.swift in Sources */ = {isa = PBXBuildFile; fileRef = 3ACE9F5328B4460D00C7A772 /* URLSessionHTTPClient.swift */; };
		3AD6E18228C29D1200D5D0FB /* CoreDataFeedStore.swift in Sources */ = {isa = PBXBuildFile; fileRef = 3AD6E18128C29D1200D5D0FB /* CoreDataFeedStore.swift */; };
		3AD6E18528C29DFD00D5D0FB /* FeedStore.xcdatamodeld in Sources */ = {isa = PBXBuildFile; fileRef = 3AD6E18328C29DFD00D5D0FB /* FeedStore.xcdatamodeld */; };
		3AE0DFF228EE2E0600AC26A3 /* CoreDataFeedStore+FeedStore.swift in Sources */ = {isa = PBXBuildFile; fileRef = 3AE0DFF128EE2E0600AC26A3 /* CoreDataFeedStore+FeedStore.swift */; };
		3AE0DFF428EE2E3700AC26A3 /* CoreDataFeedStore+FeedImageStore.swift in Sources */ = {isa = PBXBuildFile; fileRef = 3AE0DFF328EE2E3700AC26A3 /* CoreDataFeedStore+FeedImageStore.swift */; };
		3AE976D128FDA4030080D5D2 /* UIImage+TestHelpers.swift in Sources */ = {isa = PBXBuildFile; fileRef = 3AE976D028FDA4030080D5D2 /* UIImage+TestHelpers.swift */; };
		3AE976D328FDA4390080D5D2 /* SnapshotWindow.swift in Sources */ = {isa = PBXBuildFile; fileRef = 3AE976D228FDA4390080D5D2 /* SnapshotWindow.swift */; };
		3AE976D528FDA4500080D5D2 /* SnapshotConfiguration.swift in Sources */ = {isa = PBXBuildFile; fileRef = 3AE976D428FDA4500080D5D2 /* SnapshotConfiguration.swift */; };
		3AE976D728FDA4A50080D5D2 /* FeedViewController+TestHelpers.swift in Sources */ = {isa = PBXBuildFile; fileRef = 3AE976D628FDA4A50080D5D2 /* FeedViewController+TestHelpers.swift */; };
		3AE9F91529084946006CB0EA /* LoadResourcePresenter.swift in Sources */ = {isa = PBXBuildFile; fileRef = 3AE9F91429084946006CB0EA /* LoadResourcePresenter.swift */; };
		3AE9F9172908496B006CB0EA /* LoadResourcePresenterTests.swift in Sources */ = {isa = PBXBuildFile; fileRef = 3AE9F9162908496B006CB0EA /* LoadResourcePresenterTests.swift */; };
		3AE9F91A2908593B006CB0EA /* Shared.strings in Resources */ = {isa = PBXBuildFile; fileRef = 3AE9F91C2908593B006CB0EA /* Shared.strings */; };
		3AE9F91F29085A6A006CB0EA /* LocalizationHelpers.swift in Sources */ = {isa = PBXBuildFile; fileRef = 3AE9F91E29085A6A006CB0EA /* LocalizationHelpers.swift */; };
		3AFBBD762910535C0029FDD3 /* ImageCommentsPresenterTests.swift in Sources */ = {isa = PBXBuildFile; fileRef = 3AFBBD752910535C0029FDD3 /* ImageCommentsPresenterTests.swift */; };
		3AFBBD79291053D70029FDD3 /* ImageCommentsPresenter.swift in Sources */ = {isa = PBXBuildFile; fileRef = 3AFBBD78291053D70029FDD3 /* ImageCommentsPresenter.swift */; };
		3AFBBD7D291055110029FDD3 /* ImageCommentsLocalizationTests.swift in Sources */ = {isa = PBXBuildFile; fileRef = 3AFBBD7C291055110029FDD3 /* ImageCommentsLocalizationTests.swift */; };
		3AFBBD7E291055760029FDD3 /* ImageComments.strings in Resources */ = {isa = PBXBuildFile; fileRef = 3AFBBD80291055760029FDD3 /* ImageComments.strings */; };
		3AFBBD83291056740029FDD3 /* ImageCommentViewModel.swift in Sources */ = {isa = PBXBuildFile; fileRef = 3AFBBD82291056740029FDD3 /* ImageCommentViewModel.swift */; };
/* End PBXBuildFile section */

/* Begin PBXContainerItemProxy section */
		3A5C698C28CA331A00E0E759 /* PBXContainerItemProxy */ = {
			isa = PBXContainerItemProxy;
			containerPortal = 3A6EE45728B16B32001AC8C2 /* Project object */;
			proxyType = 1;
			remoteGlobalIDString = 3A5C698228CA331900E0E759;
			remoteInfo = EssentialFeediOS;
		};
		3A6E99BD28CAA6CE00DE9562 /* PBXContainerItemProxy */ = {
			isa = PBXContainerItemProxy;
			containerPortal = 3A6EE45728B16B32001AC8C2 /* Project object */;
			proxyType = 1;
			remoteGlobalIDString = 3A6EE45F28B16B32001AC8C2;
			remoteInfo = EssentialFeed;
		};
		3A6EE46A28B16B33001AC8C2 /* PBXContainerItemProxy */ = {
			isa = PBXContainerItemProxy;
			containerPortal = 3A6EE45728B16B32001AC8C2 /* Project object */;
			proxyType = 1;
			remoteGlobalIDString = 3A6EE45F28B16B32001AC8C2;
			remoteInfo = EssentialFeed;
		};
		3A856EA628C780E100961DC6 /* PBXContainerItemProxy */ = {
			isa = PBXContainerItemProxy;
			containerPortal = 3A6EE45728B16B32001AC8C2 /* Project object */;
			proxyType = 1;
			remoteGlobalIDString = 3A6EE45F28B16B32001AC8C2;
			remoteInfo = EssentialFeed;
		};
		3A8B9F9828B51A0400F0AABD /* PBXContainerItemProxy */ = {
			isa = PBXContainerItemProxy;
			containerPortal = 3A6EE45728B16B32001AC8C2 /* Project object */;
			proxyType = 1;
			remoteGlobalIDString = 3A6EE45F28B16B32001AC8C2;
			remoteInfo = EssentialFeed;
		};
/* End PBXContainerItemProxy section */

/* Begin PBXCopyFilesBuildPhase section */
		3A6E99BF28CAA6CE00DE9562 /* Embed Frameworks */ = {
			isa = PBXCopyFilesBuildPhase;
			buildActionMask = 2147483647;
			dstPath = "";
			dstSubfolderSpec = 10;
			files = (
				3A6E99BC28CAA6CE00DE9562 /* EssentialFeed.framework in Embed Frameworks */,
			);
			name = "Embed Frameworks";
			runOnlyForDeploymentPostprocessing = 0;
		};
/* End PBXCopyFilesBuildPhase section */

/* Begin PBXFileReference section */
		3A0074152901D4AE0078AADF /* ImageComment.swift */ = {isa = PBXFileReference; lastKnownFileType = sourcecode.swift; path = ImageComment.swift; sourceTree = "<group>"; };
		3A0C28D728BD4326009989AD /* LoadFeedFromCacheUseCaseTests.swift */ = {isa = PBXFileReference; lastKnownFileType = sourcecode.swift; path = LoadFeedFromCacheUseCaseTests.swift; sourceTree = "<group>"; };
		3A0C28DA28BD448F009989AD /* FeedStoreSpy.swift */ = {isa = PBXFileReference; lastKnownFileType = sourcecode.swift; path = FeedStoreSpy.swift; sourceTree = "<group>"; };
		3A11DA8228ECA4AA009A5C90 /* NSManagedObjectContextStub.swift */ = {isa = PBXFileReference; lastKnownFileType = sourcecode.swift; path = NSManagedObjectContextStub.swift; sourceTree = "<group>"; };
		3A139EEF28EB0C43008FA78B /* LoadImageFromRemoteUseCase.swift */ = {isa = PBXFileReference; lastKnownFileType = sourcecode.swift; path = LoadImageFromRemoteUseCase.swift; sourceTree = "<group>"; };
		3A139EF128EB0E3F008FA78B /* HTTPClientSpy.swift */ = {isa = PBXFileReference; lastKnownFileType = sourcecode.swift; path = HTTPClientSpy.swift; sourceTree = "<group>"; };
		3A139EF428EB2F0C008FA78B /* RemoteImageLoader.swift */ = {isa = PBXFileReference; lastKnownFileType = sourcecode.swift; path = RemoteImageLoader.swift; sourceTree = "<group>"; };
		3A139EF828EB67EA008FA78B /* LoadFeedImageFromCacheUseCaseTests.swift */ = {isa = PBXFileReference; lastKnownFileType = sourcecode.swift; path = LoadFeedImageFromCacheUseCaseTests.swift; sourceTree = "<group>"; };
		3A2471B828E33D8C0081334F /* ErrorView.swift */ = {isa = PBXFileReference; lastKnownFileType = sourcecode.swift; path = ErrorView.swift; sourceTree = "<group>"; };
		3A31ED1C28DB596B004DF769 /* UITableView+dequeueReusableCell.swift */ = {isa = PBXFileReference; lastKnownFileType = sourcecode.swift; path = "UITableView+dequeueReusableCell.swift"; sourceTree = "<group>"; };
		3A341CE928BEC14D00B427F3 /* FeedCachePolicy.swift */ = {isa = PBXFileReference; lastKnownFileType = sourcecode.swift; path = FeedCachePolicy.swift; sourceTree = "<group>"; };
		3A341CEF28C02AB100B427F3 /* FeedStoreSpecs.swift */ = {isa = PBXFileReference; lastKnownFileType = sourcecode.swift; path = FeedStoreSpecs.swift; sourceTree = "<group>"; };
		3A341CF128C02B5700B427F3 /* XCTestCase+FeedStoreSpecs.swift */ = {isa = PBXFileReference; lastKnownFileType = sourcecode.swift; path = "XCTestCase+FeedStoreSpecs.swift"; sourceTree = "<group>"; };
		3A341CF328C0338A00B427F3 /* XCTestCase+FailableRetrieveFeedStoreSpecs.swift */ = {isa = PBXFileReference; lastKnownFileType = sourcecode.swift; path = "XCTestCase+FailableRetrieveFeedStoreSpecs.swift"; sourceTree = "<group>"; };
		3A341CF528C0342700B427F3 /* XCTestCase+FailableInsertFeedStoreSpecs.swift */ = {isa = PBXFileReference; lastKnownFileType = sourcecode.swift; path = "XCTestCase+FailableInsertFeedStoreSpecs.swift"; sourceTree = "<group>"; };
		3A341CF728C0345600B427F3 /* XCTestCase+FailableDeleteFeedStoreSpecs.swift */ = {isa = PBXFileReference; lastKnownFileType = sourcecode.swift; path = "XCTestCase+FailableDeleteFeedStoreSpecs.swift"; sourceTree = "<group>"; };
		3A345A90290190E8006B7258 /* ImageCommentsMapperTests.swift */ = {isa = PBXFileReference; lastKnownFileType = sourcecode.swift; path = ImageCommentsMapperTests.swift; sourceTree = "<group>"; };
		3A345A9429019179006B7258 /* ImageCommentsMapper.swift */ = {isa = PBXFileReference; lastKnownFileType = sourcecode.swift; path = ImageCommentsMapper.swift; sourceTree = "<group>"; };
		3A34AB9C28BD852D00010C09 /* FeedCacheHelpers.swift */ = {isa = PBXFileReference; lastKnownFileType = sourcecode.swift; path = FeedCacheHelpers.swift; sourceTree = "<group>"; };
		3A40290128B4BC7A00E420F5 /* XCTestCase+testMemoryLeak.swift */ = {isa = PBXFileReference; lastKnownFileType = sourcecode.swift; path = "XCTestCase+testMemoryLeak.swift"; sourceTree = "<group>"; };
		3A43540C28E5CE1800C1A7D9 /* FeedImagePresenterTests.swift */ = {isa = PBXFileReference; lastKnownFileType = sourcecode.swift; path = FeedImagePresenterTests.swift; sourceTree = "<group>"; };
		3A43540E28E5DD4100C1A7D9 /* FeedImagePresenter.swift */ = {isa = PBXFileReference; lastKnownFileType = sourcecode.swift; path = FeedImagePresenter.swift; sourceTree = "<group>"; };
		3A43541228E5DD7700C1A7D9 /* FeedImageViewModel.swift */ = {isa = PBXFileReference; lastKnownFileType = sourcecode.swift; path = FeedImageViewModel.swift; sourceTree = "<group>"; };
		3A44CB1428B1A1F3006EE8DB /* FeedItemsMapperTests.swift */ = {isa = PBXFileReference; lastKnownFileType = sourcecode.swift; path = FeedItemsMapperTests.swift; sourceTree = "<group>"; };
		3A55F66728F0676D0068DE48 /* FeedCache.swift */ = {isa = PBXFileReference; lastKnownFileType = sourcecode.swift; path = FeedCache.swift; sourceTree = "<group>"; };
		3A5C698328CA331900E0E759 /* EssentialFeediOS.framework */ = {isa = PBXFileReference; explicitFileType = wrapper.framework; includeInIndex = 0; path = EssentialFeediOS.framework; sourceTree = BUILT_PRODUCTS_DIR; };
		3A5C698A28CA331900E0E759 /* EssentialFeediOSTests.xctest */ = {isa = PBXFileReference; explicitFileType = wrapper.cfbundle; includeInIndex = 0; path = EssentialFeediOSTests.xctest; sourceTree = BUILT_PRODUCTS_DIR; };
		3A678ADE28B7C559009D5FC9 /* LocalFeedLoader.swift */ = {isa = PBXFileReference; lastKnownFileType = sourcecode.swift; path = LocalFeedLoader.swift; sourceTree = "<group>"; };
		3A678AE028B7C580009D5FC9 /* FeedStore.swift */ = {isa = PBXFileReference; lastKnownFileType = sourcecode.swift; path = FeedStore.swift; sourceTree = "<group>"; };
		3A6E99C128CAB43F00DE9562 /* FeedViewController.swift */ = {isa = PBXFileReference; lastKnownFileType = sourcecode.swift; path = FeedViewController.swift; sourceTree = "<group>"; };
		3A6EE46028B16B32001AC8C2 /* EssentialFeed.framework */ = {isa = PBXFileReference; explicitFileType = wrapper.framework; includeInIndex = 0; path = EssentialFeed.framework; sourceTree = BUILT_PRODUCTS_DIR; };
		3A6EE46828B16B33001AC8C2 /* EssentialFeedTests.xctest */ = {isa = PBXFileReference; explicitFileType = wrapper.cfbundle; includeInIndex = 0; path = EssentialFeedTests.xctest; sourceTree = BUILT_PRODUCTS_DIR; };
		3A6EE47828B16B70001AC8C2 /* FeedImage.swift */ = {isa = PBXFileReference; lastKnownFileType = sourcecode.swift; path = FeedImage.swift; sourceTree = "<group>"; };
		3A6EE47D28B19767001AC8C2 /* README.md */ = {isa = PBXFileReference; lastKnownFileType = net.daringfireball.markdown; path = README.md; sourceTree = "<group>"; };
		3A75C30C28C22FA400537D64 /* CoreDataFeedStoreTests.swift */ = {isa = PBXFileReference; lastKnownFileType = sourcecode.swift; path = CoreDataFeedStoreTests.swift; sourceTree = "<group>"; };
		3A7D2B8729114A4500867205 /* ImageCommentsSnapshotTests.swift */ = {isa = PBXFileReference; lastKnownFileType = sourcecode.swift; path = ImageCommentsSnapshotTests.swift; sourceTree = "<group>"; };
		3A7D2B8929114ACF00867205 /* ImageCommentsViewController.swift */ = {isa = PBXFileReference; lastKnownFileType = sourcecode.swift; path = ImageCommentsViewController.swift; sourceTree = "<group>"; };
		3A7D2B8B29114BE600867205 /* ImageComments.storyboard */ = {isa = PBXFileReference; lastKnownFileType = file.storyboard; path = ImageComments.storyboard; sourceTree = "<group>"; };
		3A7D2B8D29114DA000867205 /* ImageCommentsViewController+TestHelpers.swift */ = {isa = PBXFileReference; lastKnownFileType = sourcecode.swift; path = "ImageCommentsViewController+TestHelpers.swift"; sourceTree = "<group>"; };
		3A7D2B8F29114ECC00867205 /* ImageCommentCellController.swift */ = {isa = PBXFileReference; lastKnownFileType = sourcecode.swift; path = ImageCommentCellController.swift; sourceTree = "<group>"; };
		3A7D2B9129114F6F00867205 /* ImageCommentCell.swift */ = {isa = PBXFileReference; lastKnownFileType = sourcecode.swift; path = ImageCommentCell.swift; sourceTree = "<group>"; };
		3A7D2B9329115F8D00867205 /* SnapshotTestHelpers.swift */ = {isa = PBXFileReference; lastKnownFileType = sourcecode.swift; path = SnapshotTestHelpers.swift; sourceTree = "<group>"; };
		3A7FB31B28DA7EEB001DAD50 /* Feed.storyboard */ = {isa = PBXFileReference; fileEncoding = 4; lastKnownFileType = file.storyboard; path = Feed.storyboard; sourceTree = "<group>"; };
		3A7FB31D28DA7F13001DAD50 /* Feed.xcassets */ = {isa = PBXFileReference; lastKnownFileType = folder.assetcatalog; path = Feed.xcassets; sourceTree = "<group>"; };
		3A856EA128C780E100961DC6 /* EssentialFeedCacheIntegrationTests.xctest */ = {isa = PBXFileReference; explicitFileType = wrapper.cfbundle; includeInIndex = 0; path = EssentialFeedCacheIntegrationTests.xctest; sourceTree = BUILT_PRODUCTS_DIR; };
		3A856EA328C780E100961DC6 /* EssentialFeedCacheIntegrationTests.swift */ = {isa = PBXFileReference; lastKnownFileType = sourcecode.swift; path = EssentialFeedCacheIntegrationTests.swift; sourceTree = "<group>"; };
		3A8A138928CE1E8900F2D5DB /* FeedImageCell.swift */ = {isa = PBXFileReference; lastKnownFileType = sourcecode.swift; path = FeedImageCell.swift; sourceTree = "<group>"; };
		3A8A138B28CE1EB700F2D5DB /* FeedImageLoader.swift */ = {isa = PBXFileReference; lastKnownFileType = sourcecode.swift; path = FeedImageLoader.swift; sourceTree = "<group>"; };
		3A8B9F9328B51A0400F0AABD /* EssentialFeedEndToEndTests.xctest */ = {isa = PBXFileReference; explicitFileType = wrapper.cfbundle; includeInIndex = 0; path = EssentialFeedEndToEndTests.xctest; sourceTree = BUILT_PRODUCTS_DIR; };
		3A8B9F9528B51A0400F0AABD /* EssentialFeedEndToEndTests.swift */ = {isa = PBXFileReference; lastKnownFileType = sourcecode.swift; path = EssentialFeedEndToEndTests.swift; sourceTree = "<group>"; };
		3A90DA0428EC61370092931D /* LocalFeedImageLoader.swift */ = {isa = PBXFileReference; lastKnownFileType = sourcecode.swift; path = LocalFeedImageLoader.swift; sourceTree = "<group>"; };
		3A90DA0628EC75790092931D /* FeedImageStore.swift */ = {isa = PBXFileReference; lastKnownFileType = sourcecode.swift; path = FeedImageStore.swift; sourceTree = "<group>"; };
		3A90DA0828EC76A30092931D /* CacheFeedImageUseCase.swift */ = {isa = PBXFileReference; lastKnownFileType = sourcecode.swift; path = CacheFeedImageUseCase.swift; sourceTree = "<group>"; };
		3A90DA0A28EC77590092931D /* FeedImageStoreSpy.swift */ = {isa = PBXFileReference; lastKnownFileType = sourcecode.swift; path = FeedImageStoreSpy.swift; sourceTree = "<group>"; };
		3A90DA0C28EC7BA40092931D /* CoreDataFeedImageStoreTests.swift */ = {isa = PBXFileReference; lastKnownFileType = sourcecode.swift; path = CoreDataFeedImageStoreTests.swift; sourceTree = "<group>"; };
		3A92328028D74EE4008C879F /* FeedImageCellController.swift */ = {isa = PBXFileReference; lastKnownFileType = sourcecode.swift; path = FeedImageCellController.swift; sourceTree = "<group>"; };
		3A9958BD28BE38C40049BF44 /* ValidateCacheUseCaseTests.swift */ = {isa = PBXFileReference; lastKnownFileType = sourcecode.swift; path = ValidateCacheUseCaseTests.swift; sourceTree = "<group>"; };
		3A9991A72906D2BB007CF168 /* URLProtocolStub.swift */ = {isa = PBXFileReference; lastKnownFileType = sourcecode.swift; path = URLProtocolStub.swift; sourceTree = "<group>"; };
		3A99D19928BCABD700E4B41C /* LocalFeedImage.swift */ = {isa = PBXFileReference; lastKnownFileType = sourcecode.swift; path = LocalFeedImage.swift; sourceTree = "<group>"; };
		3A9D718528CD26B500F207ED /* UIView+Shimmering.swift */ = {isa = PBXFileReference; lastKnownFileType = sourcecode.swift; path = "UIView+Shimmering.swift"; sourceTree = "<group>"; };
		3A9F011028C6C146000B0299 /* ManagedFeedImage.swift */ = {isa = PBXFileReference; lastKnownFileType = sourcecode.swift; path = ManagedFeedImage.swift; sourceTree = "<group>"; };
		3A9F011228C6C15C000B0299 /* ManagedCache.swift */ = {isa = PBXFileReference; lastKnownFileType = sourcecode.swift; path = ManagedCache.swift; sourceTree = "<group>"; };
		3A9F011428C732FC000B0299 /* CoreDataHelpers.swift */ = {isa = PBXFileReference; lastKnownFileType = sourcecode.swift; path = CoreDataHelpers.swift; sourceTree = "<group>"; };
		3AA1C10C28E508380027CB35 /* FeedPresenterTests.swift */ = {isa = PBXFileReference; lastKnownFileType = sourcecode.swift; path = FeedPresenterTests.swift; sourceTree = "<group>"; };
		3AA1C10F28E50CF40027CB35 /* FeedPresenter.swift */ = {isa = PBXFileReference; lastKnownFileType = sourcecode.swift; path = FeedPresenter.swift; sourceTree = "<group>"; };
		3AA1C11428E50EFD0027CB35 /* en */ = {isa = PBXFileReference; lastKnownFileType = text.plist.strings; name = en; path = en.lproj/Feed.strings; sourceTree = "<group>"; };
		3AA1C11628E50F010027CB35 /* pt-BR */ = {isa = PBXFileReference; lastKnownFileType = text.plist.strings; name = "pt-BR"; path = "pt-BR.lproj/Feed.strings"; sourceTree = "<group>"; };
		3AA1C11728E517720027CB35 /* FeedViewModel.swift */ = {isa = PBXFileReference; lastKnownFileType = sourcecode.swift; path = FeedViewModel.swift; sourceTree = "<group>"; };
		3AA1C11B28E517A50027CB35 /* ResourceLoadingViewModel.swift */ = {isa = PBXFileReference; lastKnownFileType = sourcecode.swift; path = ResourceLoadingViewModel.swift; sourceTree = "<group>"; };
		3AA1C11D28E517B70027CB35 /* ResourceLoadingView.swift */ = {isa = PBXFileReference; lastKnownFileType = sourcecode.swift; path = ResourceLoadingView.swift; sourceTree = "<group>"; };
		3AA1C11F28E517C60027CB35 /* ResourceErrorViewModel.swift */ = {isa = PBXFileReference; lastKnownFileType = sourcecode.swift; path = ResourceErrorViewModel.swift; sourceTree = "<group>"; };
		3AA1C12128E517D30027CB35 /* ResourceErrorView.swift */ = {isa = PBXFileReference; lastKnownFileType = sourcecode.swift; path = ResourceErrorView.swift; sourceTree = "<group>"; };
		3AB6915128F45C6900FCDD7B /* FeedSnapshotTests.swift */ = {isa = PBXFileReference; lastKnownFileType = sourcecode.swift; path = FeedSnapshotTests.swift; sourceTree = "<group>"; };
		3AB6915328F4951C00FCDD7B /* UITableView+HeaderSizing.swift */ = {isa = PBXFileReference; lastKnownFileType = sourcecode.swift; path = "UITableView+HeaderSizing.swift"; sourceTree = "<group>"; };
		3ABA207A28B6E84E002D31BF /* CacheFeedUseCaseTests.swift */ = {isa = PBXFileReference; lastKnownFileType = sourcecode.swift; path = CacheFeedUseCaseTests.swift; sourceTree = "<group>"; };
		3AC4F9DE28B3C6F70067CE4C /* HTTPClient.swift */ = {isa = PBXFileReference; lastKnownFileType = sourcecode.swift; path = HTTPClient.swift; sourceTree = "<group>"; };
		3AC4F9E028B3C72A0067CE4C /* FeedItemsMapper.swift */ = {isa = PBXFileReference; lastKnownFileType = sourcecode.swift; path = FeedItemsMapper.swift; sourceTree = "<group>"; };
		3AC4F9E228B3EF570067CE4C /* URLSessionHTTPClientTests.swift */ = {isa = PBXFileReference; lastKnownFileType = sourcecode.swift; path = URLSessionHTTPClientTests.swift; sourceTree = "<group>"; };
		3AC4F9E428B3FDEC0067CE4C /* SharedHelpers.swift */ = {isa = PBXFileReference; lastKnownFileType = sourcecode.swift; path = SharedHelpers.swift; sourceTree = "<group>"; };
		3ACE9F5328B4460D00C7A772 /* URLSessionHTTPClient.swift */ = {isa = PBXFileReference; lastKnownFileType = sourcecode.swift; path = URLSessionHTTPClient.swift; sourceTree = "<group>"; };
		3AD6E18128C29D1200D5D0FB /* CoreDataFeedStore.swift */ = {isa = PBXFileReference; lastKnownFileType = sourcecode.swift; path = CoreDataFeedStore.swift; sourceTree = "<group>"; };
		3AD6E18428C29DFD00D5D0FB /* FeedStore.xcdatamodel */ = {isa = PBXFileReference; lastKnownFileType = wrapper.xcdatamodel; path = FeedStore.xcdatamodel; sourceTree = "<group>"; };
		3AE0DFF128EE2E0600AC26A3 /* CoreDataFeedStore+FeedStore.swift */ = {isa = PBXFileReference; lastKnownFileType = sourcecode.swift; path = "CoreDataFeedStore+FeedStore.swift"; sourceTree = "<group>"; };
		3AE0DFF328EE2E3700AC26A3 /* CoreDataFeedStore+FeedImageStore.swift */ = {isa = PBXFileReference; lastKnownFileType = sourcecode.swift; path = "CoreDataFeedStore+FeedImageStore.swift"; sourceTree = "<group>"; };
		3AE976D028FDA4030080D5D2 /* UIImage+TestHelpers.swift */ = {isa = PBXFileReference; lastKnownFileType = sourcecode.swift; path = "UIImage+TestHelpers.swift"; sourceTree = "<group>"; };
		3AE976D228FDA4390080D5D2 /* SnapshotWindow.swift */ = {isa = PBXFileReference; lastKnownFileType = sourcecode.swift; path = SnapshotWindow.swift; sourceTree = "<group>"; };
		3AE976D428FDA4500080D5D2 /* SnapshotConfiguration.swift */ = {isa = PBXFileReference; lastKnownFileType = sourcecode.swift; path = SnapshotConfiguration.swift; sourceTree = "<group>"; };
		3AE976D628FDA4A50080D5D2 /* FeedViewController+TestHelpers.swift */ = {isa = PBXFileReference; lastKnownFileType = sourcecode.swift; path = "FeedViewController+TestHelpers.swift"; sourceTree = "<group>"; };
		3AE9F91429084946006CB0EA /* LoadResourcePresenter.swift */ = {isa = PBXFileReference; lastKnownFileType = sourcecode.swift; path = LoadResourcePresenter.swift; sourceTree = "<group>"; };
		3AE9F9162908496B006CB0EA /* LoadResourcePresenterTests.swift */ = {isa = PBXFileReference; lastKnownFileType = sourcecode.swift; path = LoadResourcePresenterTests.swift; sourceTree = "<group>"; };
		3AE9F91B2908593B006CB0EA /* en */ = {isa = PBXFileReference; lastKnownFileType = text.plist.strings; name = en; path = en.lproj/Shared.strings; sourceTree = "<group>"; };
		3AE9F91D2908593E006CB0EA /* pt-BR */ = {isa = PBXFileReference; lastKnownFileType = text.plist.strings; name = "pt-BR"; path = "pt-BR.lproj/Shared.strings"; sourceTree = "<group>"; };
		3AE9F91E29085A6A006CB0EA /* LocalizationHelpers.swift */ = {isa = PBXFileReference; lastKnownFileType = sourcecode.swift; path = LocalizationHelpers.swift; sourceTree = "<group>"; };
		3AFBBD752910535C0029FDD3 /* ImageCommentsPresenterTests.swift */ = {isa = PBXFileReference; lastKnownFileType = sourcecode.swift; path = ImageCommentsPresenterTests.swift; sourceTree = "<group>"; };
		3AFBBD78291053D70029FDD3 /* ImageCommentsPresenter.swift */ = {isa = PBXFileReference; lastKnownFileType = sourcecode.swift; path = ImageCommentsPresenter.swift; sourceTree = "<group>"; };
		3AFBBD7C291055110029FDD3 /* ImageCommentsLocalizationTests.swift */ = {isa = PBXFileReference; lastKnownFileType = sourcecode.swift; path = ImageCommentsLocalizationTests.swift; sourceTree = "<group>"; };
		3AFBBD7F291055760029FDD3 /* en */ = {isa = PBXFileReference; lastKnownFileType = text.plist.strings; name = en; path = en.lproj/ImageComments.strings; sourceTree = "<group>"; };
		3AFBBD812910557A0029FDD3 /* pt-BR */ = {isa = PBXFileReference; lastKnownFileType = text.plist.strings; name = "pt-BR"; path = "pt-BR.lproj/ImageComments.strings"; sourceTree = "<group>"; };
		3AFBBD82291056740029FDD3 /* ImageCommentViewModel.swift */ = {isa = PBXFileReference; lastKnownFileType = sourcecode.swift; path = ImageCommentViewModel.swift; sourceTree = "<group>"; };
/* End PBXFileReference section */

/* Begin PBXFrameworksBuildPhase section */
		3A5C698028CA331900E0E759 /* Frameworks */ = {
			isa = PBXFrameworksBuildPhase;
			buildActionMask = 2147483647;
			files = (
				3A6E99BB28CAA6CE00DE9562 /* EssentialFeed.framework in Frameworks */,
			);
			runOnlyForDeploymentPostprocessing = 0;
		};
		3A5C698728CA331900E0E759 /* Frameworks */ = {
			isa = PBXFrameworksBuildPhase;
			buildActionMask = 2147483647;
			files = (
				3A5C698B28CA331A00E0E759 /* EssentialFeediOS.framework in Frameworks */,
			);
			runOnlyForDeploymentPostprocessing = 0;
		};
		3A6EE45D28B16B32001AC8C2 /* Frameworks */ = {
			isa = PBXFrameworksBuildPhase;
			buildActionMask = 2147483647;
			files = (
			);
			runOnlyForDeploymentPostprocessing = 0;
		};
		3A6EE46528B16B33001AC8C2 /* Frameworks */ = {
			isa = PBXFrameworksBuildPhase;
			buildActionMask = 2147483647;
			files = (
				3A6EE46928B16B33001AC8C2 /* EssentialFeed.framework in Frameworks */,
			);
			runOnlyForDeploymentPostprocessing = 0;
		};
		3A856E9E28C780E100961DC6 /* Frameworks */ = {
			isa = PBXFrameworksBuildPhase;
			buildActionMask = 2147483647;
			files = (
				3A856EA528C780E100961DC6 /* EssentialFeed.framework in Frameworks */,
			);
			runOnlyForDeploymentPostprocessing = 0;
		};
		3A8B9F9028B51A0400F0AABD /* Frameworks */ = {
			isa = PBXFrameworksBuildPhase;
			buildActionMask = 2147483647;
			files = (
				3A8B9F9728B51A0400F0AABD /* EssentialFeed.framework in Frameworks */,
			);
			runOnlyForDeploymentPostprocessing = 0;
		};
/* End PBXFrameworksBuildPhase section */

/* Begin PBXGroup section */
		3A0074142901D4A00078AADF /* Image Comment Feature */ = {
			isa = PBXGroup;
			children = (
				3A0074152901D4AE0078AADF /* ImageComment.swift */,
			);
			path = "Image Comment Feature";
			sourceTree = "<group>";
		};
		3A014C31290AEA9100F16806 /* Shared Presentation */ = {
			isa = PBXGroup;
			children = (
				3AE9F9162908496B006CB0EA /* LoadResourcePresenterTests.swift */,
			);
			path = "Shared Presentation";
			sourceTree = "<group>";
		};
		3A0C28D928BD4483009989AD /* Helpers */ = {
			isa = PBXGroup;
			children = (
				3A0C28DA28BD448F009989AD /* FeedStoreSpy.swift */,
				3A34AB9C28BD852D00010C09 /* FeedCacheHelpers.swift */,
				3A90DA0A28EC77590092931D /* FeedImageStoreSpy.swift */,
				3A11DA8228ECA4AA009A5C90 /* NSManagedObjectContextStub.swift */,
			);
			path = Helpers;
			sourceTree = "<group>";
		};
		3A0C28DC28BD44C2009989AD /* Feed Cache */ = {
			isa = PBXGroup;
			children = (
				3A0C28D928BD4483009989AD /* Helpers */,
				3A341CF928C0349000B427F3 /* Feed Store Specs */,
				3ABA207A28B6E84E002D31BF /* CacheFeedUseCaseTests.swift */,
				3A9958BD28BE38C40049BF44 /* ValidateCacheUseCaseTests.swift */,
				3A0C28D728BD4326009989AD /* LoadFeedFromCacheUseCaseTests.swift */,
				3A75C30C28C22FA400537D64 /* CoreDataFeedStoreTests.swift */,
				3A139EF828EB67EA008FA78B /* LoadFeedImageFromCacheUseCaseTests.swift */,
				3A90DA0828EC76A30092931D /* CacheFeedImageUseCase.swift */,
				3A90DA0C28EC7BA40092931D /* CoreDataFeedImageStoreTests.swift */,
			);
			path = "Feed Cache";
			sourceTree = "<group>";
		};
		3A139EF328EB0E53008FA78B /* Helpers */ = {
			isa = PBXGroup;
			children = (
				3A139EF128EB0E3F008FA78B /* HTTPClientSpy.swift */,
			);
			path = Helpers;
			sourceTree = "<group>";
		};
		3A341CF928C0349000B427F3 /* Feed Store Specs */ = {
			isa = PBXGroup;
			children = (
				3A341CEF28C02AB100B427F3 /* FeedStoreSpecs.swift */,
				3A341CF128C02B5700B427F3 /* XCTestCase+FeedStoreSpecs.swift */,
				3A341CF528C0342700B427F3 /* XCTestCase+FailableInsertFeedStoreSpecs.swift */,
				3A341CF728C0345600B427F3 /* XCTestCase+FailableDeleteFeedStoreSpecs.swift */,
				3A341CF328C0338A00B427F3 /* XCTestCase+FailableRetrieveFeedStoreSpecs.swift */,
			);
			path = "Feed Store Specs";
			sourceTree = "<group>";
		};
		3A40290328B4BC9600E420F5 /* Helpers */ = {
			isa = PBXGroup;
			children = (
				3AC4F9E428B3FDEC0067CE4C /* SharedHelpers.swift */,
				3A40290128B4BC7A00E420F5 /* XCTestCase+testMemoryLeak.swift */,
				3AE9F91E29085A6A006CB0EA /* LocalizationHelpers.swift */,
			);
			path = Helpers;
			sourceTree = "<group>";
		};
		3A44CB1628B1A9DF006EE8DB /* Feed API */ = {
			isa = PBXGroup;
			children = (
				3AC4F9E028B3C72A0067CE4C /* FeedItemsMapper.swift */,
				3A139EF428EB2F0C008FA78B /* RemoteImageLoader.swift */,
			);
			path = "Feed API";
			sourceTree = "<group>";
		};
		3A5C698428CA331900E0E759 /* EssentialFeediOS */ = {
			isa = PBXGroup;
			children = (
				3A7D2B962911601E00867205 /* Image Comments UI */,
				3A8A138E28CE1FA900F2D5DB /* Feed UI */,
			);
			path = EssentialFeediOS;
			sourceTree = "<group>";
		};
		3A5C698E28CA331A00E0E759 /* EssentialFeediOSTests */ = {
			isa = PBXGroup;
			children = (
				3AE976CF28FDA3F10080D5D2 /* Helpers */,
				3AB6915128F45C6900FCDD7B /* FeedSnapshotTests.swift */,
				3A7D2B8729114A4500867205 /* ImageCommentsSnapshotTests.swift */,
			);
			path = EssentialFeediOSTests;
			sourceTree = "<group>";
		};
		3A678AE228B7C5BB009D5FC9 /* Feed Cache */ = {
			isa = PBXGroup;
			children = (
				3A9F010F28C6C0F5000B0299 /* CoreData */,
				3A678AE028B7C580009D5FC9 /* FeedStore.swift */,
				3A55F66728F0676D0068DE48 /* FeedCache.swift */,
				3A341CE928BEC14D00B427F3 /* FeedCachePolicy.swift */,
				3A90DA0628EC75790092931D /* FeedImageStore.swift */,
				3A99D19928BCABD700E4B41C /* LocalFeedImage.swift */,
				3A678ADE28B7C559009D5FC9 /* LocalFeedLoader.swift */,
				3A90DA0428EC61370092931D /* LocalFeedImageLoader.swift */,
			);
			path = "Feed Cache";
			sourceTree = "<group>";
		};
		3A6E99BA28CAA6CE00DE9562 /* Frameworks */ = {
			isa = PBXGroup;
			children = (
			);
			name = Frameworks;
			sourceTree = "<group>";
		};
		3A6EE45628B16B32001AC8C2 = {
			isa = PBXGroup;
			children = (
				3A6EE46228B16B32001AC8C2 /* EssentialFeed */,
				3A6EE46C28B16B33001AC8C2 /* EssentialFeedTests */,
				3A8B9F9428B51A0400F0AABD /* EssentialFeedEndToEndTests */,
				3A856EA228C780E100961DC6 /* EssentialFeedCacheIntegrationTests */,
				3A5C698428CA331900E0E759 /* EssentialFeediOS */,
				3A5C698E28CA331A00E0E759 /* EssentialFeediOSTests */,
				3A6EE47D28B19767001AC8C2 /* README.md */,
				3A6EE46128B16B32001AC8C2 /* Products */,
				3A6E99BA28CAA6CE00DE9562 /* Frameworks */,
			);
			sourceTree = "<group>";
		};
		3A6EE46128B16B32001AC8C2 /* Products */ = {
			isa = PBXGroup;
			children = (
				3A6EE46028B16B32001AC8C2 /* EssentialFeed.framework */,
				3A6EE46828B16B33001AC8C2 /* EssentialFeedTests.xctest */,
				3A8B9F9328B51A0400F0AABD /* EssentialFeedEndToEndTests.xctest */,
				3A856EA128C780E100961DC6 /* EssentialFeedCacheIntegrationTests.xctest */,
				3A5C698328CA331900E0E759 /* EssentialFeediOS.framework */,
				3A5C698A28CA331900E0E759 /* EssentialFeediOSTests.xctest */,
			);
			name = Products;
			sourceTree = "<group>";
		};
		3A6EE46228B16B32001AC8C2 /* EssentialFeed */ = {
			isa = PBXGroup;
			children = (
				3A9991A22906CAD1007CF168 /* Shared API */,
				3A9991A32906CAD8007CF168 /* Shared API Infra */,
				3A9991A92906D3A3007CF168 /* Image Comments API */,
				3A0074142901D4A00078AADF /* Image Comment Feature */,
				3AFBBD77291053C70029FDD3 /* Image Comments Presentation */,
				3A44CB1628B1A9DF006EE8DB /* Feed API */,
				3A6EE47C28B16BFA001AC8C2 /* Feed Feature */,
				3A678AE228B7C5BB009D5FC9 /* Feed Cache */,
				3AE9F9132908492F006CB0EA /* Shared Presentation */,
				3AA1C10E28E50CDF0027CB35 /* Feed Presentation */,
			);
			path = EssentialFeed;
			sourceTree = "<group>";
		};
		3A6EE46C28B16B33001AC8C2 /* EssentialFeedTests */ = {
			isa = PBXGroup;
			children = (
				3A40290328B4BC9600E420F5 /* Helpers */,
				3A9991A52906D298007CF168 /* Shared API */,
				3A9991A42906D22B007CF168 /* Shared API Infra */,
				3A9991AA2906D3D2007CF168 /* Image Comments API */,
				3AFBBD74291053420029FDD3 /* Image Comments Presentation */,
				3ABA207928B6B4A8002D31BF /* Feed API */,
				3A0C28DC28BD44C2009989AD /* Feed Cache */,
				3A014C31290AEA9100F16806 /* Shared Presentation */,
				3AE9F912290807A6006CB0EA /* Feed Presentation */,
			);
			path = EssentialFeedTests;
			sourceTree = "<group>";
		};
		3A6EE47C28B16BFA001AC8C2 /* Feed Feature */ = {
			isa = PBXGroup;
			children = (
				3A6EE47828B16B70001AC8C2 /* FeedImage.swift */,
				3A8A138B28CE1EB700F2D5DB /* FeedImageLoader.swift */,
			);
			path = "Feed Feature";
			sourceTree = "<group>";
		};
		3A7D2B962911601E00867205 /* Image Comments UI */ = {
			isa = PBXGroup;
			children = (
				3A7D2B972911602600867205 /* Controllers */,
				3A7D2B982911603600867205 /* Views */,
			);
			path = "Image Comments UI";
			sourceTree = "<group>";
		};
		3A7D2B972911602600867205 /* Controllers */ = {
			isa = PBXGroup;
			children = (
				3A7D2B8929114ACF00867205 /* ImageCommentsViewController.swift */,
				3A7D2B8F29114ECC00867205 /* ImageCommentCellController.swift */,
			);
			path = Controllers;
			sourceTree = "<group>";
		};
		3A7D2B982911603600867205 /* Views */ = {
			isa = PBXGroup;
			children = (
				3A7D2B9129114F6F00867205 /* ImageCommentCell.swift */,
				3A7D2B8B29114BE600867205 /* ImageComments.storyboard */,
			);
			path = Views;
			sourceTree = "<group>";
		};
		3A856EA228C780E100961DC6 /* EssentialFeedCacheIntegrationTests */ = {
			isa = PBXGroup;
			children = (
				3A856EA328C780E100961DC6 /* EssentialFeedCacheIntegrationTests.swift */,
			);
			path = EssentialFeedCacheIntegrationTests;
			sourceTree = "<group>";
		};
		3A85F58B28DA2192008991B0 /* Views */ = {
			isa = PBXGroup;
			children = (
				3A9D718528CD26B500F207ED /* UIView+Shimmering.swift */,
				3A8A138928CE1E8900F2D5DB /* FeedImageCell.swift */,
				3A7FB31B28DA7EEB001DAD50 /* Feed.storyboard */,
				3A7FB31D28DA7F13001DAD50 /* Feed.xcassets */,
				3A31ED1C28DB596B004DF769 /* UITableView+dequeueReusableCell.swift */,
				3A2471B828E33D8C0081334F /* ErrorView.swift */,
				3AB6915328F4951C00FCDD7B /* UITableView+HeaderSizing.swift */,
			);
			path = Views;
			sourceTree = "<group>";
		};
		3A8A138E28CE1FA900F2D5DB /* Feed UI */ = {
			isa = PBXGroup;
			children = (
				3A8A138F28CE1FB300F2D5DB /* Controllers */,
				3A85F58B28DA2192008991B0 /* Views */,
			);
			path = "Feed UI";
			sourceTree = "<group>";
		};
		3A8A138F28CE1FB300F2D5DB /* Controllers */ = {
			isa = PBXGroup;
			children = (
				3A6E99C128CAB43F00DE9562 /* FeedViewController.swift */,
				3A92328028D74EE4008C879F /* FeedImageCellController.swift */,
			);
			path = Controllers;
			sourceTree = "<group>";
		};
		3A8B9F9428B51A0400F0AABD /* EssentialFeedEndToEndTests */ = {
			isa = PBXGroup;
			children = (
				3A8B9F9528B51A0400F0AABD /* EssentialFeedEndToEndTests.swift */,
			);
			path = EssentialFeedEndToEndTests;
			sourceTree = "<group>";
		};
		3A9991A22906CAD1007CF168 /* Shared API */ = {
			isa = PBXGroup;
			children = (
				3AC4F9DE28B3C6F70067CE4C /* HTTPClient.swift */,
			);
			path = "Shared API";
			sourceTree = "<group>";
		};
		3A9991A32906CAD8007CF168 /* Shared API Infra */ = {
			isa = PBXGroup;
			children = (
				3ACE9F5328B4460D00C7A772 /* URLSessionHTTPClient.swift */,
			);
			path = "Shared API Infra";
			sourceTree = "<group>";
		};
		3A9991A42906D22B007CF168 /* Shared API Infra */ = {
			isa = PBXGroup;
			children = (
				3A9991A62906D2AD007CF168 /* Helpers */,
				3AC4F9E228B3EF570067CE4C /* URLSessionHTTPClientTests.swift */,
			);
			path = "Shared API Infra";
			sourceTree = "<group>";
		};
		3A9991A52906D298007CF168 /* Shared API */ = {
			isa = PBXGroup;
			children = (
				3A139EF328EB0E53008FA78B /* Helpers */,
			);
			path = "Shared API";
			sourceTree = "<group>";
		};
		3A9991A62906D2AD007CF168 /* Helpers */ = {
			isa = PBXGroup;
			children = (
				3A9991A72906D2BB007CF168 /* URLProtocolStub.swift */,
			);
			path = Helpers;
			sourceTree = "<group>";
		};
		3A9991A92906D3A3007CF168 /* Image Comments API */ = {
			isa = PBXGroup;
			children = (
				3A345A9429019179006B7258 /* ImageCommentsMapper.swift */,
			);
			path = "Image Comments API";
			sourceTree = "<group>";
		};
		3A9991AA2906D3D2007CF168 /* Image Comments API */ = {
			isa = PBXGroup;
			children = (
				3A345A90290190E8006B7258 /* ImageCommentsMapperTests.swift */,
			);
			path = "Image Comments API";
			sourceTree = "<group>";
		};
		3A9F010F28C6C0F5000B0299 /* CoreData */ = {
			isa = PBXGroup;
			children = (
				3A9F011428C732FC000B0299 /* CoreDataHelpers.swift */,
				3AD6E18128C29D1200D5D0FB /* CoreDataFeedStore.swift */,
				3AE0DFF128EE2E0600AC26A3 /* CoreDataFeedStore+FeedStore.swift */,
				3AE0DFF328EE2E3700AC26A3 /* CoreDataFeedStore+FeedImageStore.swift */,
				3A9F011228C6C15C000B0299 /* ManagedCache.swift */,
				3A9F011028C6C146000B0299 /* ManagedFeedImage.swift */,
				3AD6E18328C29DFD00D5D0FB /* FeedStore.xcdatamodeld */,
			);
			path = CoreData;
			sourceTree = "<group>";
		};
		3AA1C10E28E50CDF0027CB35 /* Feed Presentation */ = {
			isa = PBXGroup;
			children = (
				3AA1C10F28E50CF40027CB35 /* FeedPresenter.swift */,
				3AA1C11728E517720027CB35 /* FeedViewModel.swift */,
				3A43540E28E5DD4100C1A7D9 /* FeedImagePresenter.swift */,
				3A43541228E5DD7700C1A7D9 /* FeedImageViewModel.swift */,
				3AA1C11528E50EFD0027CB35 /* Feed.strings */,
			);
			path = "Feed Presentation";
			sourceTree = "<group>";
		};
		3ABA207928B6B4A8002D31BF /* Feed API */ = {
			isa = PBXGroup;
			children = (
				3A44CB1428B1A1F3006EE8DB /* FeedItemsMapperTests.swift */,
				3A139EEF28EB0C43008FA78B /* LoadImageFromRemoteUseCase.swift */,
			);
			path = "Feed API";
			sourceTree = "<group>";
		};
		3AE976CF28FDA3F10080D5D2 /* Helpers */ = {
			isa = PBXGroup;
			children = (
				3AE976D028FDA4030080D5D2 /* UIImage+TestHelpers.swift */,
				3AE976D228FDA4390080D5D2 /* SnapshotWindow.swift */,
				3A7D2B9329115F8D00867205 /* SnapshotTestHelpers.swift */,
				3AE976D428FDA4500080D5D2 /* SnapshotConfiguration.swift */,
				3AE976D628FDA4A50080D5D2 /* FeedViewController+TestHelpers.swift */,
				3A7D2B8D29114DA000867205 /* ImageCommentsViewController+TestHelpers.swift */,
			);
			path = Helpers;
			sourceTree = "<group>";
		};
		3AE9F912290807A6006CB0EA /* Feed Presentation */ = {
			isa = PBXGroup;
			children = (
				3AA1C10C28E508380027CB35 /* FeedPresenterTests.swift */,
				3A43540C28E5CE1800C1A7D9 /* FeedImagePresenterTests.swift */,
			);
			path = "Feed Presentation";
			sourceTree = "<group>";
		};
		3AE9F9132908492F006CB0EA /* Shared Presentation */ = {
			isa = PBXGroup;
			children = (
				3AE9F91429084946006CB0EA /* LoadResourcePresenter.swift */,
				3AA1C11D28E517B70027CB35 /* ResourceLoadingView.swift */,
				3AA1C11B28E517A50027CB35 /* ResourceLoadingViewModel.swift */,
				3AA1C12128E517D30027CB35 /* ResourceErrorView.swift */,
				3AA1C11F28E517C60027CB35 /* ResourceErrorViewModel.swift */,
				3AE9F91C2908593B006CB0EA /* Shared.strings */,
			);
			path = "Shared Presentation";
			sourceTree = "<group>";
		};
		3AFBBD74291053420029FDD3 /* Image Comments Presentation */ = {
			isa = PBXGroup;
			children = (
				3AFBBD752910535C0029FDD3 /* ImageCommentsPresenterTests.swift */,
				3AFBBD7C291055110029FDD3 /* ImageCommentsLocalizationTests.swift */,
			);
			path = "Image Comments Presentation";
			sourceTree = "<group>";
		};
		3AFBBD77291053C70029FDD3 /* Image Comments Presentation */ = {
			isa = PBXGroup;
			children = (
				3AFBBD78291053D70029FDD3 /* ImageCommentsPresenter.swift */,
				3AFBBD80291055760029FDD3 /* ImageComments.strings */,
				3AFBBD82291056740029FDD3 /* ImageCommentViewModel.swift */,
			);
			path = "Image Comments Presentation";
			sourceTree = "<group>";
		};
/* End PBXGroup section */

/* Begin PBXHeadersBuildPhase section */
		3A5C697E28CA331900E0E759 /* Headers */ = {
			isa = PBXHeadersBuildPhase;
			buildActionMask = 2147483647;
			files = (
			);
			runOnlyForDeploymentPostprocessing = 0;
		};
		3A6EE45B28B16B32001AC8C2 /* Headers */ = {
			isa = PBXHeadersBuildPhase;
			buildActionMask = 2147483647;
			files = (
			);
			runOnlyForDeploymentPostprocessing = 0;
		};
/* End PBXHeadersBuildPhase section */

/* Begin PBXNativeTarget section */
		3A5C698228CA331900E0E759 /* EssentialFeediOS */ = {
			isa = PBXNativeTarget;
			buildConfigurationList = 3A5C699628CA331A00E0E759 /* Build configuration list for PBXNativeTarget "EssentialFeediOS" */;
			buildPhases = (
				3A5C697E28CA331900E0E759 /* Headers */,
				3A5C697F28CA331900E0E759 /* Sources */,
				3A5C698028CA331900E0E759 /* Frameworks */,
				3A5C698128CA331900E0E759 /* Resources */,
				3A6E99BF28CAA6CE00DE9562 /* Embed Frameworks */,
			);
			buildRules = (
			);
			dependencies = (
				3A6E99BE28CAA6CE00DE9562 /* PBXTargetDependency */,
			);
			name = EssentialFeediOS;
			productName = EssentialFeediOS;
			productReference = 3A5C698328CA331900E0E759 /* EssentialFeediOS.framework */;
			productType = "com.apple.product-type.framework";
		};
		3A5C698928CA331900E0E759 /* EssentialFeediOSTests */ = {
			isa = PBXNativeTarget;
			buildConfigurationList = 3A5C699728CA331A00E0E759 /* Build configuration list for PBXNativeTarget "EssentialFeediOSTests" */;
			buildPhases = (
				3A5C698628CA331900E0E759 /* Sources */,
				3A5C698728CA331900E0E759 /* Frameworks */,
				3A5C698828CA331900E0E759 /* Resources */,
			);
			buildRules = (
			);
			dependencies = (
				3A5C698D28CA331A00E0E759 /* PBXTargetDependency */,
			);
			name = EssentialFeediOSTests;
			productName = EssentialFeediOSTests;
			productReference = 3A5C698A28CA331900E0E759 /* EssentialFeediOSTests.xctest */;
			productType = "com.apple.product-type.bundle.unit-test";
		};
		3A6EE45F28B16B32001AC8C2 /* EssentialFeed */ = {
			isa = PBXNativeTarget;
			buildConfigurationList = 3A6EE47228B16B33001AC8C2 /* Build configuration list for PBXNativeTarget "EssentialFeed" */;
			buildPhases = (
				3A6EE45B28B16B32001AC8C2 /* Headers */,
				3A6EE45C28B16B32001AC8C2 /* Sources */,
				3A6EE45D28B16B32001AC8C2 /* Frameworks */,
				3A6EE45E28B16B32001AC8C2 /* Resources */,
			);
			buildRules = (
			);
			dependencies = (
			);
			name = EssentialFeed;
			productName = EssentialFeed;
			productReference = 3A6EE46028B16B32001AC8C2 /* EssentialFeed.framework */;
			productType = "com.apple.product-type.framework";
		};
		3A6EE46728B16B33001AC8C2 /* EssentialFeedTests */ = {
			isa = PBXNativeTarget;
			buildConfigurationList = 3A6EE47528B16B33001AC8C2 /* Build configuration list for PBXNativeTarget "EssentialFeedTests" */;
			buildPhases = (
				3A6EE46428B16B33001AC8C2 /* Sources */,
				3A6EE46528B16B33001AC8C2 /* Frameworks */,
				3A6EE46628B16B33001AC8C2 /* Resources */,
			);
			buildRules = (
			);
			dependencies = (
				3A6EE46B28B16B33001AC8C2 /* PBXTargetDependency */,
			);
			name = EssentialFeedTests;
			productName = EssentialFeedTests;
			productReference = 3A6EE46828B16B33001AC8C2 /* EssentialFeedTests.xctest */;
			productType = "com.apple.product-type.bundle.unit-test";
		};
		3A856EA028C780E100961DC6 /* EssentialFeedCacheIntegrationTests */ = {
			isa = PBXNativeTarget;
			buildConfigurationList = 3A856EAA28C780E100961DC6 /* Build configuration list for PBXNativeTarget "EssentialFeedCacheIntegrationTests" */;
			buildPhases = (
				3A856E9D28C780E100961DC6 /* Sources */,
				3A856E9E28C780E100961DC6 /* Frameworks */,
				3A856E9F28C780E100961DC6 /* Resources */,
			);
			buildRules = (
			);
			dependencies = (
				3A856EA728C780E100961DC6 /* PBXTargetDependency */,
			);
			name = EssentialFeedCacheIntegrationTests;
			productName = EssentialFeedCacheIntegrationTests;
			productReference = 3A856EA128C780E100961DC6 /* EssentialFeedCacheIntegrationTests.xctest */;
			productType = "com.apple.product-type.bundle.unit-test";
		};
		3A8B9F9228B51A0400F0AABD /* EssentialFeedEndToEndTests */ = {
			isa = PBXNativeTarget;
			buildConfigurationList = 3A8B9F9C28B51A0400F0AABD /* Build configuration list for PBXNativeTarget "EssentialFeedEndToEndTests" */;
			buildPhases = (
				3A8B9F8F28B51A0400F0AABD /* Sources */,
				3A8B9F9028B51A0400F0AABD /* Frameworks */,
				3A8B9F9128B51A0400F0AABD /* Resources */,
			);
			buildRules = (
			);
			dependencies = (
				3A8B9F9928B51A0400F0AABD /* PBXTargetDependency */,
			);
			name = EssentialFeedEndToEndTests;
			productName = EssentialFeedEndToEndTests;
			productReference = 3A8B9F9328B51A0400F0AABD /* EssentialFeedEndToEndTests.xctest */;
			productType = "com.apple.product-type.bundle.unit-test";
		};
/* End PBXNativeTarget section */

/* Begin PBXProject section */
		3A6EE45728B16B32001AC8C2 /* Project object */ = {
			isa = PBXProject;
			attributes = {
				BuildIndependentTargetsInParallel = 1;
				LastSwiftUpdateCheck = 1340;
				LastUpgradeCheck = 1400;
				TargetAttributes = {
					3A5C698228CA331900E0E759 = {
						CreatedOnToolsVersion = 13.4.1;
						LastSwiftMigration = 1340;
					};
					3A5C698928CA331900E0E759 = {
						CreatedOnToolsVersion = 13.4.1;
						LastSwiftMigration = 1340;
					};
					3A6EE45F28B16B32001AC8C2 = {
						CreatedOnToolsVersion = 13.4.1;
						LastSwiftMigration = 1340;
					};
					3A6EE46728B16B33001AC8C2 = {
						CreatedOnToolsVersion = 13.4.1;
						LastSwiftMigration = 1340;
					};
					3A856EA028C780E100961DC6 = {
						CreatedOnToolsVersion = 13.4.1;
					};
					3A8B9F9228B51A0400F0AABD = {
						CreatedOnToolsVersion = 13.4.1;
					};
				};
			};
			buildConfigurationList = 3A6EE45A28B16B32001AC8C2 /* Build configuration list for PBXProject "EssentialFeed" */;
			compatibilityVersion = "Xcode 13.0";
			developmentRegion = en;
			hasScannedForEncodings = 0;
			knownRegions = (
				en,
				Base,
				"pt-BR",
			);
			mainGroup = 3A6EE45628B16B32001AC8C2;
			productRefGroup = 3A6EE46128B16B32001AC8C2 /* Products */;
			projectDirPath = "";
			projectRoot = "";
			targets = (
				3A6EE45F28B16B32001AC8C2 /* EssentialFeed */,
				3A6EE46728B16B33001AC8C2 /* EssentialFeedTests */,
				3A8B9F9228B51A0400F0AABD /* EssentialFeedEndToEndTests */,
				3A856EA028C780E100961DC6 /* EssentialFeedCacheIntegrationTests */,
				3A5C698228CA331900E0E759 /* EssentialFeediOS */,
				3A5C698928CA331900E0E759 /* EssentialFeediOSTests */,
			);
		};
/* End PBXProject section */

/* Begin PBXResourcesBuildPhase section */
		3A5C698128CA331900E0E759 /* Resources */ = {
			isa = PBXResourcesBuildPhase;
			buildActionMask = 2147483647;
			files = (
				3A7FB31C28DA7EEB001DAD50 /* Feed.storyboard in Resources */,
				3A7D2B8C29114BE600867205 /* ImageComments.storyboard in Resources */,
				3A7FB31E28DA7F13001DAD50 /* Feed.xcassets in Resources */,
			);
			runOnlyForDeploymentPostprocessing = 0;
		};
		3A5C698828CA331900E0E759 /* Resources */ = {
			isa = PBXResourcesBuildPhase;
			buildActionMask = 2147483647;
			files = (
			);
			runOnlyForDeploymentPostprocessing = 0;
		};
		3A6EE45E28B16B32001AC8C2 /* Resources */ = {
			isa = PBXResourcesBuildPhase;
			buildActionMask = 2147483647;
			files = (
				3AA1C11328E50EFD0027CB35 /* Feed.strings in Resources */,
				3AE9F91A2908593B006CB0EA /* Shared.strings in Resources */,
				3AFBBD7E291055760029FDD3 /* ImageComments.strings in Resources */,
			);
			runOnlyForDeploymentPostprocessing = 0;
		};
		3A6EE46628B16B33001AC8C2 /* Resources */ = {
			isa = PBXResourcesBuildPhase;
			buildActionMask = 2147483647;
			files = (
			);
			runOnlyForDeploymentPostprocessing = 0;
		};
		3A856E9F28C780E100961DC6 /* Resources */ = {
			isa = PBXResourcesBuildPhase;
			buildActionMask = 2147483647;
			files = (
			);
			runOnlyForDeploymentPostprocessing = 0;
		};
		3A8B9F9128B51A0400F0AABD /* Resources */ = {
			isa = PBXResourcesBuildPhase;
			buildActionMask = 2147483647;
			files = (
			);
			runOnlyForDeploymentPostprocessing = 0;
		};
/* End PBXResourcesBuildPhase section */

/* Begin PBXSourcesBuildPhase section */
		3A5C697F28CA331900E0E759 /* Sources */ = {
			isa = PBXSourcesBuildPhase;
			buildActionMask = 2147483647;
			files = (
				3A7D2B9029114ECC00867205 /* ImageCommentCellController.swift in Sources */,
				3A7D2B9229114F6F00867205 /* ImageCommentCell.swift in Sources */,
				3A6E99C228CAB43F00DE9562 /* FeedViewController.swift in Sources */,
				3AB6915428F4951C00FCDD7B /* UITableView+HeaderSizing.swift in Sources */,
				3A92328128D74EE4008C879F /* FeedImageCellController.swift in Sources */,
				3A8A138A28CE1E8900F2D5DB /* FeedImageCell.swift in Sources */,
				3A7D2B8A29114ACF00867205 /* ImageCommentsViewController.swift in Sources */,
				3A31ED1D28DB596B004DF769 /* UITableView+dequeueReusableCell.swift in Sources */,
				3A2471B928E33D8C0081334F /* ErrorView.swift in Sources */,
				3A9D718628CD26B500F207ED /* UIView+Shimmering.swift in Sources */,
			);
			runOnlyForDeploymentPostprocessing = 0;
		};
		3A5C698628CA331900E0E759 /* Sources */ = {
			isa = PBXSourcesBuildPhase;
			buildActionMask = 2147483647;
			files = (
				3AB6915228F45C6900FCDD7B /* FeedSnapshotTests.swift in Sources */,
				3A6E99C028CAAD5900DE9562 /* XCTestCase+testMemoryLeak.swift in Sources */,
				3AE976D528FDA4500080D5D2 /* SnapshotConfiguration.swift in Sources */,
				3A7D2B9429115F8D00867205 /* SnapshotTestHelpers.swift in Sources */,
				3A6E99C328CAB7B200DE9562 /* SharedHelpers.swift in Sources */,
				3AE976D728FDA4A50080D5D2 /* FeedViewController+TestHelpers.swift in Sources */,
				3AE976D128FDA4030080D5D2 /* UIImage+TestHelpers.swift in Sources */,
				3A7D2B8829114A4500867205 /* ImageCommentsSnapshotTests.swift in Sources */,
				3AE976D328FDA4390080D5D2 /* SnapshotWindow.swift in Sources */,
				3A7D2B8E29114DA000867205 /* ImageCommentsViewController+TestHelpers.swift in Sources */,
			);
			runOnlyForDeploymentPostprocessing = 0;
		};
		3A6EE45C28B16B32001AC8C2 /* Sources */ = {
			isa = PBXSourcesBuildPhase;
			buildActionMask = 2147483647;
			files = (
				3AA1C11E28E517B70027CB35 /* ResourceLoadingView.swift in Sources */,
				3AA1C11828E517720027CB35 /* FeedViewModel.swift in Sources */,
				3A9F011128C6C146000B0299 /* ManagedFeedImage.swift in Sources */,
				3AC4F9E128B3C72A0067CE4C /* FeedItemsMapper.swift in Sources */,
				3A345A9529019179006B7258 /* ImageCommentsMapper.swift in Sources */,
				3AA1C11028E50CF40027CB35 /* FeedPresenter.swift in Sources */,
				3AA1C11C28E517A50027CB35 /* ResourceLoadingViewModel.swift in Sources */,
				3A341CEA28BEC14D00B427F3 /* FeedCachePolicy.swift in Sources */,
				3A678AE128B7C580009D5FC9 /* FeedStore.swift in Sources */,
				3AA1C12028E517C60027CB35 /* ResourceErrorViewModel.swift in Sources */,
				3A139EF528EB2F0C008FA78B /* RemoteImageLoader.swift in Sources */,
				3AD6E18528C29DFD00D5D0FB /* FeedStore.xcdatamodeld in Sources */,
				3AE0DFF228EE2E0600AC26A3 /* CoreDataFeedStore+FeedStore.swift in Sources */,
				3A9F011528C732FC000B0299 /* CoreDataHelpers.swift in Sources */,
				3A99D19A28BCABD700E4B41C /* LocalFeedImage.swift in Sources */,
				3A90DA0728EC75790092931D /* FeedImageStore.swift in Sources */,
				3A90DA0528EC61370092931D /* LocalFeedImageLoader.swift in Sources */,
				3AE0DFF428EE2E3700AC26A3 /* CoreDataFeedStore+FeedImageStore.swift in Sources */,
				3AA1C12228E517D30027CB35 /* ResourceErrorView.swift in Sources */,
				3A678ADF28B7C559009D5FC9 /* LocalFeedLoader.swift in Sources */,
				3AC4F9DF28B3C6F70067CE4C /* HTTPClient.swift in Sources */,
				3A55F66828F0676D0068DE48 /* FeedCache.swift in Sources */,
				3AE9F91529084946006CB0EA /* LoadResourcePresenter.swift in Sources */,
				3A6EE47928B16B70001AC8C2 /* FeedImage.swift in Sources */,
				3ACE9F5428B4460D00C7A772 /* URLSessionHTTPClient.swift in Sources */,
				3A9F011328C6C15C000B0299 /* ManagedCache.swift in Sources */,
				3A43541328E5DD7700C1A7D9 /* FeedImageViewModel.swift in Sources */,
				3AFBBD83291056740029FDD3 /* ImageCommentViewModel.swift in Sources */,
				3AD6E18228C29D1200D5D0FB /* CoreDataFeedStore.swift in Sources */,
				3A8A138D28CE1ECE00F2D5DB /* FeedImageLoader.swift in Sources */,
				3A43540F28E5DD4100C1A7D9 /* FeedImagePresenter.swift in Sources */,
				3A0074162901D4AE0078AADF /* ImageComment.swift in Sources */,
				3AFBBD79291053D70029FDD3 /* ImageCommentsPresenter.swift in Sources */,
			);
			runOnlyForDeploymentPostprocessing = 0;
		};
		3A6EE46428B16B33001AC8C2 /* Sources */ = {
			isa = PBXSourcesBuildPhase;
			buildActionMask = 2147483647;
			files = (
				3A34AB9D28BD852D00010C09 /* FeedCacheHelpers.swift in Sources */,
				3AC4F9E528B3FDEC0067CE4C /* SharedHelpers.swift in Sources */,
				3AA1C10D28E508380027CB35 /* FeedPresenterTests.swift in Sources */,
				3A43540D28E5CE1800C1A7D9 /* FeedImagePresenterTests.swift in Sources */,
				3ABA207B28B6E84E002D31BF /* CacheFeedUseCaseTests.swift in Sources */,
				3A341CF628C0342700B427F3 /* XCTestCase+FailableInsertFeedStoreSpecs.swift in Sources */,
				3A11DA8328ECA4AA009A5C90 /* NSManagedObjectContextStub.swift in Sources */,
				3A139EF928EB67EA008FA78B /* LoadFeedImageFromCacheUseCaseTests.swift in Sources */,
				3A0C28D828BD4326009989AD /* LoadFeedFromCacheUseCaseTests.swift in Sources */,
				3AFBBD762910535C0029FDD3 /* ImageCommentsPresenterTests.swift in Sources */,
				3A44CB1528B1A1F3006EE8DB /* FeedItemsMapperTests.swift in Sources */,
				3A139EF028EB0C44008FA78B /* LoadImageFromRemoteUseCase.swift in Sources */,
				3A9958BE28BE38C40049BF44 /* ValidateCacheUseCaseTests.swift in Sources */,
				3AE9F9172908496B006CB0EA /* LoadResourcePresenterTests.swift in Sources */,
				3A0C28DB28BD448F009989AD /* FeedStoreSpy.swift in Sources */,
				3A139EF228EB0E3F008FA78B /* HTTPClientSpy.swift in Sources */,
				3A341CF828C0345600B427F3 /* XCTestCase+FailableDeleteFeedStoreSpecs.swift in Sources */,
				3A40290228B4BC7A00E420F5 /* XCTestCase+testMemoryLeak.swift in Sources */,
				3A90DA0928EC76A30092931D /* CacheFeedImageUseCase.swift in Sources */,
				3A341CF028C02AB100B427F3 /* FeedStoreSpecs.swift in Sources */,
				3AFBBD7D291055110029FDD3 /* ImageCommentsLocalizationTests.swift in Sources */,
				3A345A91290190E8006B7258 /* ImageCommentsMapperTests.swift in Sources */,
				3AE9F91F29085A6A006CB0EA /* LocalizationHelpers.swift in Sources */,
				3AC4F9E328B3EF570067CE4C /* URLSessionHTTPClientTests.swift in Sources */,
				3A341CF228C02B5700B427F3 /* XCTestCase+FeedStoreSpecs.swift in Sources */,
				3A9991A82906D2BB007CF168 /* URLProtocolStub.swift in Sources */,
				3A75C30D28C22FA400537D64 /* CoreDataFeedStoreTests.swift in Sources */,
				3A90DA0D28EC7BA40092931D /* CoreDataFeedImageStoreTests.swift in Sources */,
				3A90DA0B28EC77590092931D /* FeedImageStoreSpy.swift in Sources */,
				3A341CF428C0338A00B427F3 /* XCTestCase+FailableRetrieveFeedStoreSpecs.swift in Sources */,
			);
			runOnlyForDeploymentPostprocessing = 0;
		};
		3A856E9D28C780E100961DC6 /* Sources */ = {
			isa = PBXSourcesBuildPhase;
			buildActionMask = 2147483647;
			files = (
				3A856EAB28C7831E00961DC6 /* FeedCacheHelpers.swift in Sources */,
				3A856EA428C780E100961DC6 /* EssentialFeedCacheIntegrationTests.swift in Sources */,
				3A856EAD28C7855400961DC6 /* XCTestCase+testMemoryLeak.swift in Sources */,
				3A856EAC28C7840200961DC6 /* SharedHelpers.swift in Sources */,
			);
			runOnlyForDeploymentPostprocessing = 0;
		};
		3A8B9F8F28B51A0400F0AABD /* Sources */ = {
			isa = PBXSourcesBuildPhase;
			buildActionMask = 2147483647;
			files = (
				3ABC1B4228B54F5800AA711B /* XCTestCase+testMemoryLeak.swift in Sources */,
				3A8B9F9628B51A0400F0AABD /* EssentialFeedEndToEndTests.swift in Sources */,
			);
			runOnlyForDeploymentPostprocessing = 0;
		};
/* End PBXSourcesBuildPhase section */

/* Begin PBXTargetDependency section */
		3A5C698D28CA331A00E0E759 /* PBXTargetDependency */ = {
			isa = PBXTargetDependency;
			target = 3A5C698228CA331900E0E759 /* EssentialFeediOS */;
			targetProxy = 3A5C698C28CA331A00E0E759 /* PBXContainerItemProxy */;
		};
		3A6E99BE28CAA6CE00DE9562 /* PBXTargetDependency */ = {
			isa = PBXTargetDependency;
			platformFilter = ios;
			target = 3A6EE45F28B16B32001AC8C2 /* EssentialFeed */;
			targetProxy = 3A6E99BD28CAA6CE00DE9562 /* PBXContainerItemProxy */;
		};
		3A6EE46B28B16B33001AC8C2 /* PBXTargetDependency */ = {
			isa = PBXTargetDependency;
			target = 3A6EE45F28B16B32001AC8C2 /* EssentialFeed */;
			targetProxy = 3A6EE46A28B16B33001AC8C2 /* PBXContainerItemProxy */;
		};
		3A856EA728C780E100961DC6 /* PBXTargetDependency */ = {
			isa = PBXTargetDependency;
			target = 3A6EE45F28B16B32001AC8C2 /* EssentialFeed */;
			targetProxy = 3A856EA628C780E100961DC6 /* PBXContainerItemProxy */;
		};
		3A8B9F9928B51A0400F0AABD /* PBXTargetDependency */ = {
			isa = PBXTargetDependency;
			target = 3A6EE45F28B16B32001AC8C2 /* EssentialFeed */;
			targetProxy = 3A8B9F9828B51A0400F0AABD /* PBXContainerItemProxy */;
		};
/* End PBXTargetDependency section */

/* Begin PBXVariantGroup section */
		3AA1C11528E50EFD0027CB35 /* Feed.strings */ = {
			isa = PBXVariantGroup;
			children = (
				3AA1C11428E50EFD0027CB35 /* en */,
				3AA1C11628E50F010027CB35 /* pt-BR */,
			);
			name = Feed.strings;
			sourceTree = "<group>";
		};
		3AE9F91C2908593B006CB0EA /* Shared.strings */ = {
			isa = PBXVariantGroup;
			children = (
				3AE9F91B2908593B006CB0EA /* en */,
				3AE9F91D2908593E006CB0EA /* pt-BR */,
			);
			name = Shared.strings;
			sourceTree = "<group>";
		};
		3AFBBD80291055760029FDD3 /* ImageComments.strings */ = {
			isa = PBXVariantGroup;
			children = (
				3AFBBD7F291055760029FDD3 /* en */,
				3AFBBD812910557A0029FDD3 /* pt-BR */,
			);
			name = ImageComments.strings;
			sourceTree = "<group>";
		};
/* End PBXVariantGroup section */

/* Begin XCBuildConfiguration section */
		3A5C699228CA331A00E0E759 /* Debug */ = {
			isa = XCBuildConfiguration;
			buildSettings = {
				CLANG_ENABLE_MODULES = YES;
				CODE_SIGN_STYLE = Automatic;
				CURRENT_PROJECT_VERSION = 1;
				DEFINES_MODULE = YES;
				DEVELOPMENT_TEAM = 99FHZVWMRA;
				DYLIB_COMPATIBILITY_VERSION = 1;
				DYLIB_CURRENT_VERSION = 1;
				DYLIB_INSTALL_NAME_BASE = "@rpath";
				GENERATE_INFOPLIST_FILE = YES;
				INFOPLIST_KEY_NSHumanReadableCopyright = "";
				INSTALL_PATH = "$(LOCAL_LIBRARY_DIR)/Frameworks";
				IPHONEOS_DEPLOYMENT_TARGET = 16.0;
				LD_RUNPATH_SEARCH_PATHS = (
					"$(inherited)",
					"@executable_path/Frameworks",
					"@loader_path/Frameworks",
				);
				MARKETING_VERSION = 1.0;
				PRODUCT_BUNDLE_IDENTIFIER = com.exampleEssentialFeed.EssentialFeediOS;
				PRODUCT_NAME = "$(TARGET_NAME:c99extidentifier)";
				SDKROOT = iphoneos;
				SKIP_INSTALL = YES;
				SUPPORTS_MACCATALYST = NO;
				SWIFT_EMIT_LOC_STRINGS = YES;
				SWIFT_OPTIMIZATION_LEVEL = "-Onone";
				SWIFT_VERSION = 5.0;
				TARGETED_DEVICE_FAMILY = 1;
			};
			name = Debug;
		};
		3A5C699328CA331A00E0E759 /* Release */ = {
			isa = XCBuildConfiguration;
			buildSettings = {
				CLANG_ENABLE_MODULES = YES;
				CODE_SIGN_STYLE = Automatic;
				CURRENT_PROJECT_VERSION = 1;
				DEFINES_MODULE = YES;
				DEVELOPMENT_TEAM = 99FHZVWMRA;
				DYLIB_COMPATIBILITY_VERSION = 1;
				DYLIB_CURRENT_VERSION = 1;
				DYLIB_INSTALL_NAME_BASE = "@rpath";
				GENERATE_INFOPLIST_FILE = YES;
				INFOPLIST_KEY_NSHumanReadableCopyright = "";
				INSTALL_PATH = "$(LOCAL_LIBRARY_DIR)/Frameworks";
				IPHONEOS_DEPLOYMENT_TARGET = 16.0;
				LD_RUNPATH_SEARCH_PATHS = (
					"$(inherited)",
					"@executable_path/Frameworks",
					"@loader_path/Frameworks",
				);
				MARKETING_VERSION = 1.0;
				PRODUCT_BUNDLE_IDENTIFIER = com.exampleEssentialFeed.EssentialFeediOS;
				PRODUCT_NAME = "$(TARGET_NAME:c99extidentifier)";
				SDKROOT = iphoneos;
				SKIP_INSTALL = YES;
				SUPPORTS_MACCATALYST = NO;
				SWIFT_EMIT_LOC_STRINGS = YES;
				SWIFT_VERSION = 5.0;
				TARGETED_DEVICE_FAMILY = 1;
				VALIDATE_PRODUCT = YES;
			};
			name = Release;
		};
		3A5C699428CA331A00E0E759 /* Debug */ = {
			isa = XCBuildConfiguration;
			buildSettings = {
				ALWAYS_EMBED_SWIFT_STANDARD_LIBRARIES = YES;
				CLANG_ENABLE_MODULES = YES;
				CODE_SIGN_STYLE = Automatic;
				CURRENT_PROJECT_VERSION = 1;
				DEVELOPMENT_TEAM = 99FHZVWMRA;
				GENERATE_INFOPLIST_FILE = YES;
				IPHONEOS_DEPLOYMENT_TARGET = 16.0;
				LD_RUNPATH_SEARCH_PATHS = (
					"$(inherited)",
					"@executable_path/Frameworks",
					"@loader_path/Frameworks",
				);
				MARKETING_VERSION = 1.0;
				PRODUCT_BUNDLE_IDENTIFIER = com.exampleEssentialFeed.EssentialFeediOSTests;
				PRODUCT_NAME = "$(TARGET_NAME)";
				SDKROOT = iphoneos;
				SWIFT_EMIT_LOC_STRINGS = NO;
				SWIFT_OPTIMIZATION_LEVEL = "-Onone";
				SWIFT_VERSION = 5.0;
				TARGETED_DEVICE_FAMILY = "1,2";
			};
			name = Debug;
		};
		3A5C699528CA331A00E0E759 /* Release */ = {
			isa = XCBuildConfiguration;
			buildSettings = {
				ALWAYS_EMBED_SWIFT_STANDARD_LIBRARIES = YES;
				CLANG_ENABLE_MODULES = YES;
				CODE_SIGN_STYLE = Automatic;
				CURRENT_PROJECT_VERSION = 1;
				DEVELOPMENT_TEAM = 99FHZVWMRA;
				GENERATE_INFOPLIST_FILE = YES;
				IPHONEOS_DEPLOYMENT_TARGET = 16.0;
				LD_RUNPATH_SEARCH_PATHS = (
					"$(inherited)",
					"@executable_path/Frameworks",
					"@loader_path/Frameworks",
				);
				MARKETING_VERSION = 1.0;
				PRODUCT_BUNDLE_IDENTIFIER = com.exampleEssentialFeed.EssentialFeediOSTests;
				PRODUCT_NAME = "$(TARGET_NAME)";
				SDKROOT = iphoneos;
				SWIFT_EMIT_LOC_STRINGS = NO;
				SWIFT_VERSION = 5.0;
				TARGETED_DEVICE_FAMILY = "1,2";
				VALIDATE_PRODUCT = YES;
			};
			name = Release;
		};
		3A6EE47028B16B33001AC8C2 /* Debug */ = {
			isa = XCBuildConfiguration;
			buildSettings = {
				ALWAYS_SEARCH_USER_PATHS = NO;
				CLANG_ANALYZER_LOCALIZABILITY_NONLOCALIZED = YES;
				CLANG_ANALYZER_NONNULL = YES;
				CLANG_ANALYZER_NUMBER_OBJECT_CONVERSION = YES_AGGRESSIVE;
				CLANG_CXX_LANGUAGE_STANDARD = "gnu++17";
				CLANG_ENABLE_MODULES = YES;
				CLANG_ENABLE_OBJC_ARC = YES;
				CLANG_ENABLE_OBJC_WEAK = YES;
				CLANG_WARN_BLOCK_CAPTURE_AUTORELEASING = YES;
				CLANG_WARN_BOOL_CONVERSION = YES;
				CLANG_WARN_COMMA = YES;
				CLANG_WARN_CONSTANT_CONVERSION = YES;
				CLANG_WARN_DEPRECATED_OBJC_IMPLEMENTATIONS = YES;
				CLANG_WARN_DIRECT_OBJC_ISA_USAGE = YES_ERROR;
				CLANG_WARN_DOCUMENTATION_COMMENTS = YES;
				CLANG_WARN_EMPTY_BODY = YES;
				CLANG_WARN_ENUM_CONVERSION = YES;
				CLANG_WARN_INFINITE_RECURSION = YES;
				CLANG_WARN_INT_CONVERSION = YES;
				CLANG_WARN_NON_LITERAL_NULL_CONVERSION = YES;
				CLANG_WARN_OBJC_IMPLICIT_RETAIN_SELF = YES;
				CLANG_WARN_OBJC_LITERAL_CONVERSION = YES;
				CLANG_WARN_OBJC_ROOT_CLASS = YES_ERROR;
				CLANG_WARN_QUOTED_INCLUDE_IN_FRAMEWORK_HEADER = YES;
				CLANG_WARN_RANGE_LOOP_ANALYSIS = YES;
				CLANG_WARN_STRICT_PROTOTYPES = YES;
				CLANG_WARN_SUSPICIOUS_MOVE = YES;
				CLANG_WARN_UNGUARDED_AVAILABILITY = YES_AGGRESSIVE;
				CLANG_WARN_UNREACHABLE_CODE = YES;
				CLANG_WARN__DUPLICATE_METHOD_MATCH = YES;
				COPY_PHASE_STRIP = NO;
				CURRENT_PROJECT_VERSION = 1;
				DEAD_CODE_STRIPPING = YES;
				DEBUG_INFORMATION_FORMAT = dwarf;
				ENABLE_STRICT_OBJC_MSGSEND = YES;
				ENABLE_TESTABILITY = YES;
				GCC_C_LANGUAGE_STANDARD = gnu11;
				GCC_DYNAMIC_NO_PIC = NO;
				GCC_NO_COMMON_BLOCKS = YES;
				GCC_OPTIMIZATION_LEVEL = 0;
				GCC_PREPROCESSOR_DEFINITIONS = (
					"DEBUG=1",
					"$(inherited)",
				);
				GCC_WARN_64_TO_32_BIT_CONVERSION = YES;
				GCC_WARN_ABOUT_RETURN_TYPE = YES_ERROR;
				GCC_WARN_UNDECLARED_SELECTOR = YES;
				GCC_WARN_UNINITIALIZED_AUTOS = YES_AGGRESSIVE;
				GCC_WARN_UNUSED_FUNCTION = YES;
				GCC_WARN_UNUSED_VARIABLE = YES;
				MACOSX_DEPLOYMENT_TARGET = 12.3;
				MTL_ENABLE_DEBUG_INFO = INCLUDE_SOURCE;
				MTL_FAST_MATH = YES;
				ONLY_ACTIVE_ARCH = YES;
				SDKROOT = macosx;
				SWIFT_ACTIVE_COMPILATION_CONDITIONS = DEBUG;
				SWIFT_OPTIMIZATION_LEVEL = "-Onone";
				VERSIONING_SYSTEM = "apple-generic";
				VERSION_INFO_PREFIX = "";
			};
			name = Debug;
		};
		3A6EE47128B16B33001AC8C2 /* Release */ = {
			isa = XCBuildConfiguration;
			buildSettings = {
				ALWAYS_SEARCH_USER_PATHS = NO;
				CLANG_ANALYZER_LOCALIZABILITY_NONLOCALIZED = YES;
				CLANG_ANALYZER_NONNULL = YES;
				CLANG_ANALYZER_NUMBER_OBJECT_CONVERSION = YES_AGGRESSIVE;
				CLANG_CXX_LANGUAGE_STANDARD = "gnu++17";
				CLANG_ENABLE_MODULES = YES;
				CLANG_ENABLE_OBJC_ARC = YES;
				CLANG_ENABLE_OBJC_WEAK = YES;
				CLANG_WARN_BLOCK_CAPTURE_AUTORELEASING = YES;
				CLANG_WARN_BOOL_CONVERSION = YES;
				CLANG_WARN_COMMA = YES;
				CLANG_WARN_CONSTANT_CONVERSION = YES;
				CLANG_WARN_DEPRECATED_OBJC_IMPLEMENTATIONS = YES;
				CLANG_WARN_DIRECT_OBJC_ISA_USAGE = YES_ERROR;
				CLANG_WARN_DOCUMENTATION_COMMENTS = YES;
				CLANG_WARN_EMPTY_BODY = YES;
				CLANG_WARN_ENUM_CONVERSION = YES;
				CLANG_WARN_INFINITE_RECURSION = YES;
				CLANG_WARN_INT_CONVERSION = YES;
				CLANG_WARN_NON_LITERAL_NULL_CONVERSION = YES;
				CLANG_WARN_OBJC_IMPLICIT_RETAIN_SELF = YES;
				CLANG_WARN_OBJC_LITERAL_CONVERSION = YES;
				CLANG_WARN_OBJC_ROOT_CLASS = YES_ERROR;
				CLANG_WARN_QUOTED_INCLUDE_IN_FRAMEWORK_HEADER = YES;
				CLANG_WARN_RANGE_LOOP_ANALYSIS = YES;
				CLANG_WARN_STRICT_PROTOTYPES = YES;
				CLANG_WARN_SUSPICIOUS_MOVE = YES;
				CLANG_WARN_UNGUARDED_AVAILABILITY = YES_AGGRESSIVE;
				CLANG_WARN_UNREACHABLE_CODE = YES;
				CLANG_WARN__DUPLICATE_METHOD_MATCH = YES;
				COPY_PHASE_STRIP = NO;
				CURRENT_PROJECT_VERSION = 1;
				DEAD_CODE_STRIPPING = YES;
				DEBUG_INFORMATION_FORMAT = "dwarf-with-dsym";
				ENABLE_NS_ASSERTIONS = NO;
				ENABLE_STRICT_OBJC_MSGSEND = YES;
				GCC_C_LANGUAGE_STANDARD = gnu11;
				GCC_NO_COMMON_BLOCKS = YES;
				GCC_WARN_64_TO_32_BIT_CONVERSION = YES;
				GCC_WARN_ABOUT_RETURN_TYPE = YES_ERROR;
				GCC_WARN_UNDECLARED_SELECTOR = YES;
				GCC_WARN_UNINITIALIZED_AUTOS = YES_AGGRESSIVE;
				GCC_WARN_UNUSED_FUNCTION = YES;
				GCC_WARN_UNUSED_VARIABLE = YES;
				MACOSX_DEPLOYMENT_TARGET = 12.3;
				MTL_ENABLE_DEBUG_INFO = NO;
				MTL_FAST_MATH = YES;
				SDKROOT = macosx;
				SWIFT_COMPILATION_MODE = wholemodule;
				SWIFT_OPTIMIZATION_LEVEL = "-O";
				VERSIONING_SYSTEM = "apple-generic";
				VERSION_INFO_PREFIX = "";
			};
			name = Release;
		};
		3A6EE47328B16B33001AC8C2 /* Debug */ = {
			isa = XCBuildConfiguration;
			buildSettings = {
				CLANG_ENABLE_MODULES = YES;
				CODE_SIGN_STYLE = Automatic;
				COMBINE_HIDPI_IMAGES = YES;
				CURRENT_PROJECT_VERSION = 1;
				DEAD_CODE_STRIPPING = YES;
				DEFINES_MODULE = YES;
				DEVELOPMENT_TEAM = 99FHZVWMRA;
				DYLIB_COMPATIBILITY_VERSION = 1;
				DYLIB_CURRENT_VERSION = 1;
				DYLIB_INSTALL_NAME_BASE = "@rpath";
				GENERATE_INFOPLIST_FILE = YES;
				INFOPLIST_KEY_NSHumanReadableCopyright = "";
				INSTALL_PATH = "$(LOCAL_LIBRARY_DIR)/Frameworks";
				LD_RUNPATH_SEARCH_PATHS = (
					"$(inherited)",
					"@executable_path/../Frameworks",
					"@loader_path/Frameworks",
				);
				MARKETING_VERSION = 1.0;
				PRODUCT_BUNDLE_IDENTIFIER = com.example.EssentialFeed;
				PRODUCT_NAME = "$(TARGET_NAME:c99extidentifier)";
				SKIP_INSTALL = YES;
				SUPPORTED_PLATFORMS = "macosx iphonesimulator iphoneos";
				SWIFT_EMIT_LOC_STRINGS = YES;
				SWIFT_OPTIMIZATION_LEVEL = "-Onone";
				SWIFT_VERSION = 5.0;
			};
			name = Debug;
		};
		3A6EE47428B16B33001AC8C2 /* Release */ = {
			isa = XCBuildConfiguration;
			buildSettings = {
				CLANG_ENABLE_MODULES = YES;
				CODE_SIGN_STYLE = Automatic;
				COMBINE_HIDPI_IMAGES = YES;
				CURRENT_PROJECT_VERSION = 1;
				DEAD_CODE_STRIPPING = YES;
				DEFINES_MODULE = YES;
				DEVELOPMENT_TEAM = 99FHZVWMRA;
				DYLIB_COMPATIBILITY_VERSION = 1;
				DYLIB_CURRENT_VERSION = 1;
				DYLIB_INSTALL_NAME_BASE = "@rpath";
				GENERATE_INFOPLIST_FILE = YES;
				INFOPLIST_KEY_NSHumanReadableCopyright = "";
				INSTALL_PATH = "$(LOCAL_LIBRARY_DIR)/Frameworks";
				LD_RUNPATH_SEARCH_PATHS = (
					"$(inherited)",
					"@executable_path/../Frameworks",
					"@loader_path/Frameworks",
				);
				MARKETING_VERSION = 1.0;
				PRODUCT_BUNDLE_IDENTIFIER = com.example.EssentialFeed;
				PRODUCT_NAME = "$(TARGET_NAME:c99extidentifier)";
				SKIP_INSTALL = YES;
				SUPPORTED_PLATFORMS = "macosx iphonesimulator iphoneos";
				SWIFT_EMIT_LOC_STRINGS = YES;
				SWIFT_VERSION = 5.0;
			};
			name = Release;
		};
		3A6EE47628B16B33001AC8C2 /* Debug */ = {
			isa = XCBuildConfiguration;
			buildSettings = {
				ALWAYS_EMBED_SWIFT_STANDARD_LIBRARIES = YES;
				CLANG_ENABLE_MODULES = YES;
				CODE_SIGN_STYLE = Automatic;
				CURRENT_PROJECT_VERSION = 1;
				DEAD_CODE_STRIPPING = YES;
				DEVELOPMENT_TEAM = 99FHZVWMRA;
				GENERATE_INFOPLIST_FILE = YES;
				LD_RUNPATH_SEARCH_PATHS = (
					"$(inherited)",
					"@executable_path/../Frameworks",
					"@loader_path/../Frameworks",
				);
				MARKETING_VERSION = 1.0;
				PRODUCT_BUNDLE_IDENTIFIER = com.example.EssentialFeedTests;
				PRODUCT_NAME = "$(TARGET_NAME)";
				SUPPORTED_PLATFORMS = "macosx iphonesimulator iphoneos";
				SWIFT_EMIT_LOC_STRINGS = NO;
				SWIFT_OPTIMIZATION_LEVEL = "-Onone";
				SWIFT_VERSION = 5.0;
			};
			name = Debug;
		};
		3A6EE47728B16B33001AC8C2 /* Release */ = {
			isa = XCBuildConfiguration;
			buildSettings = {
				ALWAYS_EMBED_SWIFT_STANDARD_LIBRARIES = YES;
				CLANG_ENABLE_MODULES = YES;
				CODE_SIGN_STYLE = Automatic;
				CURRENT_PROJECT_VERSION = 1;
				DEAD_CODE_STRIPPING = YES;
				DEVELOPMENT_TEAM = 99FHZVWMRA;
				GENERATE_INFOPLIST_FILE = YES;
				LD_RUNPATH_SEARCH_PATHS = (
					"$(inherited)",
					"@executable_path/../Frameworks",
					"@loader_path/../Frameworks",
				);
				MARKETING_VERSION = 1.0;
				PRODUCT_BUNDLE_IDENTIFIER = com.example.EssentialFeedTests;
				PRODUCT_NAME = "$(TARGET_NAME)";
				SUPPORTED_PLATFORMS = "macosx iphonesimulator iphoneos";
				SWIFT_EMIT_LOC_STRINGS = NO;
				SWIFT_VERSION = 5.0;
			};
			name = Release;
		};
		3A856EA828C780E100961DC6 /* Debug */ = {
			isa = XCBuildConfiguration;
			buildSettings = {
				CODE_SIGN_STYLE = Automatic;
				CURRENT_PROJECT_VERSION = 1;
				DEAD_CODE_STRIPPING = YES;
				DEVELOPMENT_TEAM = 99FHZVWMRA;
				GENERATE_INFOPLIST_FILE = YES;
				MARKETING_VERSION = 1.0;
				PRODUCT_BUNDLE_IDENTIFIER = com.example.EssentialFeedCacheIntegrationTests;
				PRODUCT_NAME = "$(TARGET_NAME)";
				SUPPORTED_PLATFORMS = "macosx iphonesimulator iphoneos";
				SWIFT_EMIT_LOC_STRINGS = NO;
				SWIFT_VERSION = 5.0;
			};
			name = Debug;
		};
		3A856EA928C780E100961DC6 /* Release */ = {
			isa = XCBuildConfiguration;
			buildSettings = {
				CODE_SIGN_STYLE = Automatic;
				CURRENT_PROJECT_VERSION = 1;
				DEAD_CODE_STRIPPING = YES;
				DEVELOPMENT_TEAM = 99FHZVWMRA;
				GENERATE_INFOPLIST_FILE = YES;
				MARKETING_VERSION = 1.0;
				PRODUCT_BUNDLE_IDENTIFIER = com.example.EssentialFeedCacheIntegrationTests;
				PRODUCT_NAME = "$(TARGET_NAME)";
				SUPPORTED_PLATFORMS = "macosx iphonesimulator iphoneos";
				SWIFT_EMIT_LOC_STRINGS = NO;
				SWIFT_VERSION = 5.0;
			};
			name = Release;
		};
		3A8B9F9A28B51A0400F0AABD /* Debug */ = {
			isa = XCBuildConfiguration;
			buildSettings = {
				CODE_SIGN_STYLE = Automatic;
				CURRENT_PROJECT_VERSION = 1;
				DEAD_CODE_STRIPPING = YES;
				DEVELOPMENT_TEAM = 99FHZVWMRA;
				GENERATE_INFOPLIST_FILE = YES;
				MARKETING_VERSION = 1.0;
				PRODUCT_BUNDLE_IDENTIFIER = com.example.EssentialFeedEndToEndTests;
				PRODUCT_NAME = "$(TARGET_NAME)";
				SUPPORTED_PLATFORMS = "macosx iphonesimulator iphoneos";
				SWIFT_EMIT_LOC_STRINGS = NO;
				SWIFT_VERSION = 5.0;
			};
			name = Debug;
		};
		3A8B9F9B28B51A0400F0AABD /* Release */ = {
			isa = XCBuildConfiguration;
			buildSettings = {
				CODE_SIGN_STYLE = Automatic;
				CURRENT_PROJECT_VERSION = 1;
				DEAD_CODE_STRIPPING = YES;
				DEVELOPMENT_TEAM = 99FHZVWMRA;
				GENERATE_INFOPLIST_FILE = YES;
				MARKETING_VERSION = 1.0;
				PRODUCT_BUNDLE_IDENTIFIER = com.example.EssentialFeedEndToEndTests;
				PRODUCT_NAME = "$(TARGET_NAME)";
				SUPPORTED_PLATFORMS = "macosx iphonesimulator iphoneos";
				SWIFT_EMIT_LOC_STRINGS = NO;
				SWIFT_VERSION = 5.0;
			};
			name = Release;
		};
/* End XCBuildConfiguration section */

/* Begin XCConfigurationList section */
		3A5C699628CA331A00E0E759 /* Build configuration list for PBXNativeTarget "EssentialFeediOS" */ = {
			isa = XCConfigurationList;
			buildConfigurations = (
				3A5C699228CA331A00E0E759 /* Debug */,
				3A5C699328CA331A00E0E759 /* Release */,
			);
			defaultConfigurationIsVisible = 0;
			defaultConfigurationName = Release;
		};
		3A5C699728CA331A00E0E759 /* Build configuration list for PBXNativeTarget "EssentialFeediOSTests" */ = {
			isa = XCConfigurationList;
			buildConfigurations = (
				3A5C699428CA331A00E0E759 /* Debug */,
				3A5C699528CA331A00E0E759 /* Release */,
			);
			defaultConfigurationIsVisible = 0;
			defaultConfigurationName = Release;
		};
		3A6EE45A28B16B32001AC8C2 /* Build configuration list for PBXProject "EssentialFeed" */ = {
			isa = XCConfigurationList;
			buildConfigurations = (
				3A6EE47028B16B33001AC8C2 /* Debug */,
				3A6EE47128B16B33001AC8C2 /* Release */,
			);
			defaultConfigurationIsVisible = 0;
			defaultConfigurationName = Release;
		};
		3A6EE47228B16B33001AC8C2 /* Build configuration list for PBXNativeTarget "EssentialFeed" */ = {
			isa = XCConfigurationList;
			buildConfigurations = (
				3A6EE47328B16B33001AC8C2 /* Debug */,
				3A6EE47428B16B33001AC8C2 /* Release */,
			);
			defaultConfigurationIsVisible = 0;
			defaultConfigurationName = Release;
		};
		3A6EE47528B16B33001AC8C2 /* Build configuration list for PBXNativeTarget "EssentialFeedTests" */ = {
			isa = XCConfigurationList;
			buildConfigurations = (
				3A6EE47628B16B33001AC8C2 /* Debug */,
				3A6EE47728B16B33001AC8C2 /* Release */,
			);
			defaultConfigurationIsVisible = 0;
			defaultConfigurationName = Release;
		};
		3A856EAA28C780E100961DC6 /* Build configuration list for PBXNativeTarget "EssentialFeedCacheIntegrationTests" */ = {
			isa = XCConfigurationList;
			buildConfigurations = (
				3A856EA828C780E100961DC6 /* Debug */,
				3A856EA928C780E100961DC6 /* Release */,
			);
			defaultConfigurationIsVisible = 0;
			defaultConfigurationName = Release;
		};
		3A8B9F9C28B51A0400F0AABD /* Build configuration list for PBXNativeTarget "EssentialFeedEndToEndTests" */ = {
			isa = XCConfigurationList;
			buildConfigurations = (
				3A8B9F9A28B51A0400F0AABD /* Debug */,
				3A8B9F9B28B51A0400F0AABD /* Release */,
			);
			defaultConfigurationIsVisible = 0;
			defaultConfigurationName = Release;
		};
/* End XCConfigurationList section */

/* Begin XCVersionGroup section */
		3AD6E18328C29DFD00D5D0FB /* FeedStore.xcdatamodeld */ = {
			isa = XCVersionGroup;
			children = (
				3AD6E18428C29DFD00D5D0FB /* FeedStore.xcdatamodel */,
			);
			currentVersion = 3AD6E18428C29DFD00D5D0FB /* FeedStore.xcdatamodel */;
			path = FeedStore.xcdatamodeld;
			sourceTree = "<group>";
			versionGroupType = wrapper.xcdatamodel;
		};
/* End XCVersionGroup section */
	};
	rootObject = 3A6EE45728B16B32001AC8C2 /* Project object */;
}
