// !$*UTF8*$!
{
	archiveVersion = 1;
	classes = {
	};
	objectVersion = 56;
	objects = {

/* Begin PBXBuildFile section */
		3A1323EA28EF1BCA003A1D84 /* FeedLoaderWithFallbackComposite.swift in Sources */ = {isa = PBXBuildFile; fileRef = 3A1323E928EF1BCA003A1D84 /* FeedLoaderWithFallbackComposite.swift */; };
		3A2E530F28EF33E000B4EED7 /* FeedImageLoaderWithFallbackCompositeTests.swift in Sources */ = {isa = PBXBuildFile; fileRef = 3A2E530E28EF33E000B4EED7 /* FeedImageLoaderWithFallbackCompositeTests.swift */; };
		3A2E531328EF3F4000B4EED7 /* Shared.swift in Sources */ = {isa = PBXBuildFile; fileRef = 3A2E531228EF3F4000B4EED7 /* Shared.swift */; };
		3A2E531528EF3F8200B4EED7 /* XCTestCase+TestMemoryLeak.swift in Sources */ = {isa = PBXBuildFile; fileRef = 3A2E531428EF3F8200B4EED7 /* XCTestCase+TestMemoryLeak.swift */; };
		3A55F66428F060B90068DE48 /* XCTestCase+FeedLoaderTestCase.swift in Sources */ = {isa = PBXBuildFile; fileRef = 3A55F66328F060B90068DE48 /* XCTestCase+FeedLoaderTestCase.swift */; };
		3A55F66628F066B50068DE48 /* CacheFeedDecorator.swift in Sources */ = {isa = PBXBuildFile; fileRef = 3A55F66528F066B50068DE48 /* CacheFeedDecorator.swift */; };
		3A55F66A28F068BC0068DE48 /* CacheFeedImageDecoratorTests.swift in Sources */ = {isa = PBXBuildFile; fileRef = 3A55F66928F068BC0068DE48 /* CacheFeedImageDecoratorTests.swift */; };
		3A55F66E28F06F070068DE48 /* FeedLoaderSpy.swift in Sources */ = {isa = PBXBuildFile; fileRef = 3A55F66D28F06F070068DE48 /* FeedLoaderSpy.swift */; };
		3A55F67028F06FCD0068DE48 /* XCTestCase+FeedImageLoaderTestCase.swift in Sources */ = {isa = PBXBuildFile; fileRef = 3A55F66F28F06FCD0068DE48 /* XCTestCase+FeedImageLoaderTestCase.swift */; };
		3A55F67228F070900068DE48 /* FeedImageLoaderSpy.swift in Sources */ = {isa = PBXBuildFile; fileRef = 3A55F67128F070900068DE48 /* FeedImageLoaderSpy.swift */; };
		3A7B7B7228EF6202000E646B /* FeedImageLoaderWithFallbackComposite.swift in Sources */ = {isa = PBXBuildFile; fileRef = 3A7B7B7128EF6202000E646B /* FeedImageLoaderWithFallbackComposite.swift */; };
		3AA1228D28EE345A00BF295F /* EssentialFeed.framework in Frameworks */ = {isa = PBXBuildFile; fileRef = 3AA1228B28EE345A00BF295F /* EssentialFeed.framework */; };
		3AA1228E28EE345A00BF295F /* EssentialFeed.framework in Embed Frameworks */ = {isa = PBXBuildFile; fileRef = 3AA1228B28EE345A00BF295F /* EssentialFeed.framework */; settings = {ATTRIBUTES = (CodeSignOnCopy, RemoveHeadersOnCopy, ); }; };
		3AA1228F28EE345A00BF295F /* EssentialFeediOS.framework in Frameworks */ = {isa = PBXBuildFile; fileRef = 3AA1228C28EE345A00BF295F /* EssentialFeediOS.framework */; };
		3AA1229028EE345A00BF295F /* EssentialFeediOS.framework in Embed Frameworks */ = {isa = PBXBuildFile; fileRef = 3AA1228C28EE345A00BF295F /* EssentialFeediOS.framework */; settings = {ATTRIBUTES = (CodeSignOnCopy, RemoveHeadersOnCopy, ); }; };
		3AF1470F28F059BF00C1F831 /* CacheFeedDecoratorTests.swift in Sources */ = {isa = PBXBuildFile; fileRef = 3AF1470E28F059BF00C1F831 /* CacheFeedDecoratorTests.swift */; };
		3AF2D88D28EE334F007D5098 /* AppDelegate.swift in Sources */ = {isa = PBXBuildFile; fileRef = 3AF2D88C28EE334F007D5098 /* AppDelegate.swift */; };
		3AF2D88F28EE334F007D5098 /* SceneDelegate.swift in Sources */ = {isa = PBXBuildFile; fileRef = 3AF2D88E28EE334F007D5098 /* SceneDelegate.swift */; };
		3AF2D89128EE334F007D5098 /* ViewController.swift in Sources */ = {isa = PBXBuildFile; fileRef = 3AF2D89028EE334F007D5098 /* ViewController.swift */; };
		3AF2D89428EE334F007D5098 /* Main.storyboard in Resources */ = {isa = PBXBuildFile; fileRef = 3AF2D89228EE334F007D5098 /* Main.storyboard */; };
		3AF2D89628EE3351007D5098 /* Assets.xcassets in Resources */ = {isa = PBXBuildFile; fileRef = 3AF2D89528EE3351007D5098 /* Assets.xcassets */; };
		3AF2D89928EE3351007D5098 /* LaunchScreen.storyboard in Resources */ = {isa = PBXBuildFile; fileRef = 3AF2D89728EE3351007D5098 /* LaunchScreen.storyboard */; };
		3AF2D8A428EE3351007D5098 /* FeedLoaderWithFallbackCompositeTests.swift in Sources */ = {isa = PBXBuildFile; fileRef = 3AF2D8A328EE3351007D5098 /* FeedLoaderWithFallbackCompositeTests.swift */; };
/* End PBXBuildFile section */

/* Begin PBXContainerItemProxy section */
		3AF2D8A028EE3351007D5098 /* PBXContainerItemProxy */ = {
			isa = PBXContainerItemProxy;
			containerPortal = 3AF2D88128EE334F007D5098 /* Project object */;
			proxyType = 1;
			remoteGlobalIDString = 3AF2D88828EE334F007D5098;
			remoteInfo = EssentialApp;
		};
/* End PBXContainerItemProxy section */

/* Begin PBXCopyFilesBuildPhase section */
		3AA1229128EE345A00BF295F /* Embed Frameworks */ = {
			isa = PBXCopyFilesBuildPhase;
			buildActionMask = 2147483647;
			dstPath = "";
			dstSubfolderSpec = 10;
			files = (
				3AA1228E28EE345A00BF295F /* EssentialFeed.framework in Embed Frameworks */,
				3AA1229028EE345A00BF295F /* EssentialFeediOS.framework in Embed Frameworks */,
			);
			name = "Embed Frameworks";
			runOnlyForDeploymentPostprocessing = 0;
		};
/* End PBXCopyFilesBuildPhase section */

/* Begin PBXFileReference section */
		3A1323E928EF1BCA003A1D84 /* FeedLoaderWithFallbackComposite.swift */ = {isa = PBXFileReference; lastKnownFileType = sourcecode.swift; path = FeedLoaderWithFallbackComposite.swift; sourceTree = "<group>"; };
		3A2E530E28EF33E000B4EED7 /* FeedImageLoaderWithFallbackCompositeTests.swift */ = {isa = PBXFileReference; lastKnownFileType = sourcecode.swift; path = FeedImageLoaderWithFallbackCompositeTests.swift; sourceTree = "<group>"; };
		3A2E531228EF3F4000B4EED7 /* Shared.swift */ = {isa = PBXFileReference; lastKnownFileType = sourcecode.swift; path = Shared.swift; sourceTree = "<group>"; };
		3A2E531428EF3F8200B4EED7 /* XCTestCase+TestMemoryLeak.swift */ = {isa = PBXFileReference; lastKnownFileType = sourcecode.swift; path = "XCTestCase+TestMemoryLeak.swift"; sourceTree = "<group>"; };
		3A55F66328F060B90068DE48 /* XCTestCase+FeedLoaderTestCase.swift */ = {isa = PBXFileReference; lastKnownFileType = sourcecode.swift; path = "XCTestCase+FeedLoaderTestCase.swift"; sourceTree = "<group>"; };
		3A55F66528F066B50068DE48 /* CacheFeedDecorator.swift */ = {isa = PBXFileReference; lastKnownFileType = sourcecode.swift; path = CacheFeedDecorator.swift; sourceTree = "<group>"; };
		3A55F66928F068BC0068DE48 /* CacheFeedImageDecoratorTests.swift */ = {isa = PBXFileReference; lastKnownFileType = sourcecode.swift; path = CacheFeedImageDecoratorTests.swift; sourceTree = "<group>"; };
		3A55F66D28F06F070068DE48 /* FeedLoaderSpy.swift */ = {isa = PBXFileReference; lastKnownFileType = sourcecode.swift; path = FeedLoaderSpy.swift; sourceTree = "<group>"; };
		3A55F66F28F06FCD0068DE48 /* XCTestCase+FeedImageLoaderTestCase.swift */ = {isa = PBXFileReference; lastKnownFileType = sourcecode.swift; path = "XCTestCase+FeedImageLoaderTestCase.swift"; sourceTree = "<group>"; };
		3A55F67128F070900068DE48 /* FeedImageLoaderSpy.swift */ = {isa = PBXFileReference; lastKnownFileType = sourcecode.swift; path = FeedImageLoaderSpy.swift; sourceTree = "<group>"; };
		3A7B7B7128EF6202000E646B /* FeedImageLoaderWithFallbackComposite.swift */ = {isa = PBXFileReference; lastKnownFileType = sourcecode.swift; path = FeedImageLoaderWithFallbackComposite.swift; sourceTree = "<group>"; };
		3AA1228B28EE345A00BF295F /* EssentialFeed.framework */ = {isa = PBXFileReference; explicitFileType = wrapper.framework; path = EssentialFeed.framework; sourceTree = BUILT_PRODUCTS_DIR; };
		3AA1228C28EE345A00BF295F /* EssentialFeediOS.framework */ = {isa = PBXFileReference; explicitFileType = wrapper.framework; path = EssentialFeediOS.framework; sourceTree = BUILT_PRODUCTS_DIR; };
		3AF1470E28F059BF00C1F831 /* CacheFeedDecoratorTests.swift */ = {isa = PBXFileReference; lastKnownFileType = sourcecode.swift; path = CacheFeedDecoratorTests.swift; sourceTree = "<group>"; };
		3AF2D88928EE334F007D5098 /* EssentialApp.app */ = {isa = PBXFileReference; explicitFileType = wrapper.application; includeInIndex = 0; path = EssentialApp.app; sourceTree = BUILT_PRODUCTS_DIR; };
		3AF2D88C28EE334F007D5098 /* AppDelegate.swift */ = {isa = PBXFileReference; lastKnownFileType = sourcecode.swift; path = AppDelegate.swift; sourceTree = "<group>"; };
		3AF2D88E28EE334F007D5098 /* SceneDelegate.swift */ = {isa = PBXFileReference; lastKnownFileType = sourcecode.swift; path = SceneDelegate.swift; sourceTree = "<group>"; };
		3AF2D89028EE334F007D5098 /* ViewController.swift */ = {isa = PBXFileReference; lastKnownFileType = sourcecode.swift; path = ViewController.swift; sourceTree = "<group>"; };
		3AF2D89328EE334F007D5098 /* Base */ = {isa = PBXFileReference; lastKnownFileType = file.storyboard; name = Base; path = Base.lproj/Main.storyboard; sourceTree = "<group>"; };
		3AF2D89528EE3351007D5098 /* Assets.xcassets */ = {isa = PBXFileReference; lastKnownFileType = folder.assetcatalog; path = Assets.xcassets; sourceTree = "<group>"; };
		3AF2D89828EE3351007D5098 /* Base */ = {isa = PBXFileReference; lastKnownFileType = file.storyboard; name = Base; path = Base.lproj/LaunchScreen.storyboard; sourceTree = "<group>"; };
		3AF2D89A28EE3351007D5098 /* Info.plist */ = {isa = PBXFileReference; lastKnownFileType = text.plist.xml; path = Info.plist; sourceTree = "<group>"; };
		3AF2D89F28EE3351007D5098 /* EssentialAppTests.xctest */ = {isa = PBXFileReference; explicitFileType = wrapper.cfbundle; includeInIndex = 0; path = EssentialAppTests.xctest; sourceTree = BUILT_PRODUCTS_DIR; };
		3AF2D8A328EE3351007D5098 /* FeedLoaderWithFallbackCompositeTests.swift */ = {isa = PBXFileReference; lastKnownFileType = sourcecode.swift; path = FeedLoaderWithFallbackCompositeTests.swift; sourceTree = "<group>"; };
/* End PBXFileReference section */

/* Begin PBXFrameworksBuildPhase section */
		3AF2D88628EE334F007D5098 /* Frameworks */ = {
			isa = PBXFrameworksBuildPhase;
			buildActionMask = 2147483647;
			files = (
				3AA1228D28EE345A00BF295F /* EssentialFeed.framework in Frameworks */,
				3AA1228F28EE345A00BF295F /* EssentialFeediOS.framework in Frameworks */,
			);
			runOnlyForDeploymentPostprocessing = 0;
		};
		3AF2D89C28EE3351007D5098 /* Frameworks */ = {
			isa = PBXFrameworksBuildPhase;
			buildActionMask = 2147483647;
			files = (
			);
			runOnlyForDeploymentPostprocessing = 0;
		};
/* End PBXFrameworksBuildPhase section */

/* Begin PBXGroup section */
		3A2E531728EF3FC800B4EED7 /* Helpers */ = {
			isa = PBXGroup;
			children = (
				3A2E531228EF3F4000B4EED7 /* Shared.swift */,
				3A55F66D28F06F070068DE48 /* FeedLoaderSpy.swift */,
				3A55F67128F070900068DE48 /* FeedImageLoaderSpy.swift */,
				3A2E531428EF3F8200B4EED7 /* XCTestCase+TestMemoryLeak.swift */,
				3A55F66328F060B90068DE48 /* XCTestCase+FeedLoaderTestCase.swift */,
				3A55F66F28F06FCD0068DE48 /* XCTestCase+FeedImageLoaderTestCase.swift */,
			);
			path = Helpers;
			sourceTree = "<group>";
		};
		3AA1228A28EE345A00BF295F /* Frameworks */ = {
			isa = PBXGroup;
			children = (
				3AA1228B28EE345A00BF295F /* EssentialFeed.framework */,
				3AA1228C28EE345A00BF295F /* EssentialFeediOS.framework */,
			);
			name = Frameworks;
			sourceTree = "<group>";
		};
		3AF2D88028EE334F007D5098 = {
			isa = PBXGroup;
			children = (
				3AF2D88B28EE334F007D5098 /* EssentialApp */,
				3AF2D8A228EE3351007D5098 /* EssentialAppTests */,
				3AF2D88A28EE334F007D5098 /* Products */,
				3AA1228A28EE345A00BF295F /* Frameworks */,
			);
			sourceTree = "<group>";
		};
		3AF2D88A28EE334F007D5098 /* Products */ = {
			isa = PBXGroup;
			children = (
				3AF2D88928EE334F007D5098 /* EssentialApp.app */,
				3AF2D89F28EE3351007D5098 /* EssentialAppTests.xctest */,
			);
			name = Products;
			sourceTree = "<group>";
		};
		3AF2D88B28EE334F007D5098 /* EssentialApp */ = {
			isa = PBXGroup;
			children = (
				3AF2D88C28EE334F007D5098 /* AppDelegate.swift */,
				3A7B7B7128EF6202000E646B /* FeedImageLoaderWithFallbackComposite.swift */,
				3A1323E928EF1BCA003A1D84 /* FeedLoaderWithFallbackComposite.swift */,
				3AF2D88E28EE334F007D5098 /* SceneDelegate.swift */,
				3A55F66528F066B50068DE48 /* CacheFeedDecorator.swift */,
				3AF2D89028EE334F007D5098 /* ViewController.swift */,
				3AF2D89228EE334F007D5098 /* Main.storyboard */,
				3AF2D89528EE3351007D5098 /* Assets.xcassets */,
				3AF2D89728EE3351007D5098 /* LaunchScreen.storyboard */,
				3AF2D89A28EE3351007D5098 /* Info.plist */,
			);
			path = EssentialApp;
			sourceTree = "<group>";
		};
		3AF2D8A228EE3351007D5098 /* EssentialAppTests */ = {
			isa = PBXGroup;
			children = (
				3A2E531728EF3FC800B4EED7 /* Helpers */,
				3AF2D8A328EE3351007D5098 /* FeedLoaderWithFallbackCompositeTests.swift */,
				3A2E530E28EF33E000B4EED7 /* FeedImageLoaderWithFallbackCompositeTests.swift */,
				3AF1470E28F059BF00C1F831 /* CacheFeedDecoratorTests.swift */,
				3A55F66928F068BC0068DE48 /* CacheFeedImageDecoratorTests.swift */,
			);
			path = EssentialAppTests;
			sourceTree = "<group>";
		};
/* End PBXGroup section */

/* Begin PBXNativeTarget section */
		3AF2D88828EE334F007D5098 /* EssentialApp */ = {
			isa = PBXNativeTarget;
			buildConfigurationList = 3AF2D8B328EE3351007D5098 /* Build configuration list for PBXNativeTarget "EssentialApp" */;
			buildPhases = (
				3AF2D88528EE334F007D5098 /* Sources */,
				3AF2D88628EE334F007D5098 /* Frameworks */,
				3AF2D88728EE334F007D5098 /* Resources */,
				3AA1229128EE345A00BF295F /* Embed Frameworks */,
			);
			buildRules = (
			);
			dependencies = (
			);
			name = EssentialApp;
			productName = EssentialApp;
			productReference = 3AF2D88928EE334F007D5098 /* EssentialApp.app */;
			productType = "com.apple.product-type.application";
		};
		3AF2D89E28EE3351007D5098 /* EssentialAppTests */ = {
			isa = PBXNativeTarget;
			buildConfigurationList = 3AF2D8B628EE3351007D5098 /* Build configuration list for PBXNativeTarget "EssentialAppTests" */;
			buildPhases = (
				3AF2D89B28EE3351007D5098 /* Sources */,
				3AF2D89C28EE3351007D5098 /* Frameworks */,
				3AF2D89D28EE3351007D5098 /* Resources */,
			);
			buildRules = (
			);
			dependencies = (
				3AF2D8A128EE3351007D5098 /* PBXTargetDependency */,
			);
			name = EssentialAppTests;
			productName = EssentialAppTests;
			productReference = 3AF2D89F28EE3351007D5098 /* EssentialAppTests.xctest */;
			productType = "com.apple.product-type.bundle.unit-test";
		};
/* End PBXNativeTarget section */

/* Begin PBXProject section */
		3AF2D88128EE334F007D5098 /* Project object */ = {
			isa = PBXProject;
			attributes = {
				BuildIndependentTargetsInParallel = 1;
				LastSwiftUpdateCheck = 1400;
				LastUpgradeCheck = 1400;
				TargetAttributes = {
					3AF2D88828EE334F007D5098 = {
						CreatedOnToolsVersion = 14.0;
					};
					3AF2D89E28EE3351007D5098 = {
						CreatedOnToolsVersion = 14.0;
						TestTargetID = 3AF2D88828EE334F007D5098;
					};
				};
			};
			buildConfigurationList = 3AF2D88428EE334F007D5098 /* Build configuration list for PBXProject "EssentialApp" */;
			compatibilityVersion = "Xcode 14.0";
			developmentRegion = en;
			hasScannedForEncodings = 0;
			knownRegions = (
				en,
				Base,
			);
			mainGroup = 3AF2D88028EE334F007D5098;
			productRefGroup = 3AF2D88A28EE334F007D5098 /* Products */;
			projectDirPath = "";
			projectRoot = "";
			targets = (
				3AF2D88828EE334F007D5098 /* EssentialApp */,
				3AF2D89E28EE3351007D5098 /* EssentialAppTests */,
			);
		};
/* End PBXProject section */

/* Begin PBXResourcesBuildPhase section */
		3AF2D88728EE334F007D5098 /* Resources */ = {
			isa = PBXResourcesBuildPhase;
			buildActionMask = 2147483647;
			files = (
				3AF2D89928EE3351007D5098 /* LaunchScreen.storyboard in Resources */,
				3AF2D89628EE3351007D5098 /* Assets.xcassets in Resources */,
				3AF2D89428EE334F007D5098 /* Main.storyboard in Resources */,
			);
			runOnlyForDeploymentPostprocessing = 0;
		};
		3AF2D89D28EE3351007D5098 /* Resources */ = {
			isa = PBXResourcesBuildPhase;
			buildActionMask = 2147483647;
			files = (
			);
			runOnlyForDeploymentPostprocessing = 0;
		};
/* End PBXResourcesBuildPhase section */

/* Begin PBXSourcesBuildPhase section */
		3AF2D88528EE334F007D5098 /* Sources */ = {
			isa = PBXSourcesBuildPhase;
			buildActionMask = 2147483647;
			files = (
				3AF2D89128EE334F007D5098 /* ViewController.swift in Sources */,
				3AF2D88D28EE334F007D5098 /* AppDelegate.swift in Sources */,
				3A55F66628F066B50068DE48 /* CacheFeedDecorator.swift in Sources */,
				3A1323EA28EF1BCA003A1D84 /* FeedLoaderWithFallbackComposite.swift in Sources */,
				3AF2D88F28EE334F007D5098 /* SceneDelegate.swift in Sources */,
				3A7B7B7228EF6202000E646B /* FeedImageLoaderWithFallbackComposite.swift in Sources */,
			);
			runOnlyForDeploymentPostprocessing = 0;
		};
		3AF2D89B28EE3351007D5098 /* Sources */ = {
			isa = PBXSourcesBuildPhase;
			buildActionMask = 2147483647;
			files = (
				3A2E530F28EF33E000B4EED7 /* FeedImageLoaderWithFallbackCompositeTests.swift in Sources */,
				3A55F66A28F068BC0068DE48 /* CacheFeedImageDecoratorTests.swift in Sources */,
				3A55F66428F060B90068DE48 /* XCTestCase+FeedLoaderTestCase.swift in Sources */,
				3A55F67028F06FCD0068DE48 /* XCTestCase+FeedImageLoaderTestCase.swift in Sources */,
				3AF1470F28F059BF00C1F831 /* CacheFeedDecoratorTests.swift in Sources */,
				3A2E531328EF3F4000B4EED7 /* Shared.swift in Sources */,
				3A55F66E28F06F070068DE48 /* FeedLoaderSpy.swift in Sources */,
				3A2E531528EF3F8200B4EED7 /* XCTestCase+TestMemoryLeak.swift in Sources */,
				3AF2D8A428EE3351007D5098 /* FeedLoaderWithFallbackCompositeTests.swift in Sources */,
				3A55F67228F070900068DE48 /* FeedImageLoaderSpy.swift in Sources */,
			);
			runOnlyForDeploymentPostprocessing = 0;
		};
/* End PBXSourcesBuildPhase section */

/* Begin PBXTargetDependency section */
		3AF2D8A128EE3351007D5098 /* PBXTargetDependency */ = {
			isa = PBXTargetDependency;
			target = 3AF2D88828EE334F007D5098 /* EssentialApp */;
			targetProxy = 3AF2D8A028EE3351007D5098 /* PBXContainerItemProxy */;
		};
/* End PBXTargetDependency section */

/* Begin PBXVariantGroup section */
		3AF2D89228EE334F007D5098 /* Main.storyboard */ = {
			isa = PBXVariantGroup;
			children = (
				3AF2D89328EE334F007D5098 /* Base */,
			);
			name = Main.storyboard;
			sourceTree = "<group>";
		};
		3AF2D89728EE3351007D5098 /* LaunchScreen.storyboard */ = {
			isa = PBXVariantGroup;
			children = (
				3AF2D89828EE3351007D5098 /* Base */,
			);
			name = LaunchScreen.storyboard;
			sourceTree = "<group>";
		};
/* End PBXVariantGroup section */

/* Begin XCBuildConfiguration section */
		3AF2D8B128EE3351007D5098 /* Debug */ = {
			isa = XCBuildConfiguration;
			buildSettings = {
				ALWAYS_SEARCH_USER_PATHS = NO;
				CLANG_ANALYZER_NONNULL = YES;
				CLANG_ANALYZER_NUMBER_OBJECT_CONVERSION = YES_AGGRESSIVE;
				CLANG_CXX_LANGUAGE_STANDARD = "gnu++20";
				CLANG_ENABLE_MODULES = YES;
				CLANG_ENABLE_OBJC_ARC = YES;
				CLANG_ENABLE_OBJC_WEAK = YES;
				CLANG_WARN_BLOCK_CAPTURE_AUTORELEASING = YES;
				CLANG_WARN_BOOL_CONVERSION = YES;
				CLANG_WARN_COMMA = YES;
				CLANG_WARN_CONSTANT_CONVERSION = YES;
				CLANG_WARN_DEPRECATED_OBJC_IMPLEMENTATIONS = YES;
				CLANG_WARN_DIRECT_OBJC_ISA_USAGE = YES_ERROR;
				CLANG_WARN_DOCUMENTATION_COMMENTS = YES;
				CLANG_WARN_EMPTY_BODY = YES;
				CLANG_WARN_ENUM_CONVERSION = YES;
				CLANG_WARN_INFINITE_RECURSION = YES;
				CLANG_WARN_INT_CONVERSION = YES;
				CLANG_WARN_NON_LITERAL_NULL_CONVERSION = YES;
				CLANG_WARN_OBJC_IMPLICIT_RETAIN_SELF = YES;
				CLANG_WARN_OBJC_LITERAL_CONVERSION = YES;
				CLANG_WARN_OBJC_ROOT_CLASS = YES_ERROR;
				CLANG_WARN_QUOTED_INCLUDE_IN_FRAMEWORK_HEADER = YES;
				CLANG_WARN_RANGE_LOOP_ANALYSIS = YES;
				CLANG_WARN_STRICT_PROTOTYPES = YES;
				CLANG_WARN_SUSPICIOUS_MOVE = YES;
				CLANG_WARN_UNGUARDED_AVAILABILITY = YES_AGGRESSIVE;
				CLANG_WARN_UNREACHABLE_CODE = YES;
				CLANG_WARN__DUPLICATE_METHOD_MATCH = YES;
				COPY_PHASE_STRIP = NO;
				DEBUG_INFORMATION_FORMAT = dwarf;
				ENABLE_STRICT_OBJC_MSGSEND = YES;
				ENABLE_TESTABILITY = YES;
				GCC_C_LANGUAGE_STANDARD = gnu11;
				GCC_DYNAMIC_NO_PIC = NO;
				GCC_NO_COMMON_BLOCKS = YES;
				GCC_OPTIMIZATION_LEVEL = 0;
				GCC_PREPROCESSOR_DEFINITIONS = (
					"DEBUG=1",
					"$(inherited)",
				);
				GCC_WARN_64_TO_32_BIT_CONVERSION = YES;
				GCC_WARN_ABOUT_RETURN_TYPE = YES_ERROR;
				GCC_WARN_UNDECLARED_SELECTOR = YES;
				GCC_WARN_UNINITIALIZED_AUTOS = YES_AGGRESSIVE;
				GCC_WARN_UNUSED_FUNCTION = YES;
				GCC_WARN_UNUSED_VARIABLE = YES;
				IPHONEOS_DEPLOYMENT_TARGET = 16.0;
				MTL_ENABLE_DEBUG_INFO = INCLUDE_SOURCE;
				MTL_FAST_MATH = YES;
				ONLY_ACTIVE_ARCH = YES;
				SDKROOT = iphoneos;
				SWIFT_ACTIVE_COMPILATION_CONDITIONS = DEBUG;
				SWIFT_OPTIMIZATION_LEVEL = "-Onone";
			};
			name = Debug;
		};
		3AF2D8B228EE3351007D5098 /* Release */ = {
			isa = XCBuildConfiguration;
			buildSettings = {
				ALWAYS_SEARCH_USER_PATHS = NO;
				CLANG_ANALYZER_NONNULL = YES;
				CLANG_ANALYZER_NUMBER_OBJECT_CONVERSION = YES_AGGRESSIVE;
				CLANG_CXX_LANGUAGE_STANDARD = "gnu++20";
				CLANG_ENABLE_MODULES = YES;
				CLANG_ENABLE_OBJC_ARC = YES;
				CLANG_ENABLE_OBJC_WEAK = YES;
				CLANG_WARN_BLOCK_CAPTURE_AUTORELEASING = YES;
				CLANG_WARN_BOOL_CONVERSION = YES;
				CLANG_WARN_COMMA = YES;
				CLANG_WARN_CONSTANT_CONVERSION = YES;
				CLANG_WARN_DEPRECATED_OBJC_IMPLEMENTATIONS = YES;
				CLANG_WARN_DIRECT_OBJC_ISA_USAGE = YES_ERROR;
				CLANG_WARN_DOCUMENTATION_COMMENTS = YES;
				CLANG_WARN_EMPTY_BODY = YES;
				CLANG_WARN_ENUM_CONVERSION = YES;
				CLANG_WARN_INFINITE_RECURSION = YES;
				CLANG_WARN_INT_CONVERSION = YES;
				CLANG_WARN_NON_LITERAL_NULL_CONVERSION = YES;
				CLANG_WARN_OBJC_IMPLICIT_RETAIN_SELF = YES;
				CLANG_WARN_OBJC_LITERAL_CONVERSION = YES;
				CLANG_WARN_OBJC_ROOT_CLASS = YES_ERROR;
				CLANG_WARN_QUOTED_INCLUDE_IN_FRAMEWORK_HEADER = YES;
				CLANG_WARN_RANGE_LOOP_ANALYSIS = YES;
				CLANG_WARN_STRICT_PROTOTYPES = YES;
				CLANG_WARN_SUSPICIOUS_MOVE = YES;
				CLANG_WARN_UNGUARDED_AVAILABILITY = YES_AGGRESSIVE;
				CLANG_WARN_UNREACHABLE_CODE = YES;
				CLANG_WARN__DUPLICATE_METHOD_MATCH = YES;
				COPY_PHASE_STRIP = NO;
				DEBUG_INFORMATION_FORMAT = "dwarf-with-dsym";
				ENABLE_NS_ASSERTIONS = NO;
				ENABLE_STRICT_OBJC_MSGSEND = YES;
				GCC_C_LANGUAGE_STANDARD = gnu11;
				GCC_NO_COMMON_BLOCKS = YES;
				GCC_WARN_64_TO_32_BIT_CONVERSION = YES;
				GCC_WARN_ABOUT_RETURN_TYPE = YES_ERROR;
				GCC_WARN_UNDECLARED_SELECTOR = YES;
				GCC_WARN_UNINITIALIZED_AUTOS = YES_AGGRESSIVE;
				GCC_WARN_UNUSED_FUNCTION = YES;
				GCC_WARN_UNUSED_VARIABLE = YES;
				IPHONEOS_DEPLOYMENT_TARGET = 16.0;
				MTL_ENABLE_DEBUG_INFO = NO;
				MTL_FAST_MATH = YES;
				SDKROOT = iphoneos;
				SWIFT_COMPILATION_MODE = wholemodule;
				SWIFT_OPTIMIZATION_LEVEL = "-O";
				VALIDATE_PRODUCT = YES;
			};
			name = Release;
		};
		3AF2D8B428EE3351007D5098 /* Debug */ = {
			isa = XCBuildConfiguration;
			buildSettings = {
				ASSETCATALOG_COMPILER_APPICON_NAME = AppIcon;
				ASSETCATALOG_COMPILER_GLOBAL_ACCENT_COLOR_NAME = AccentColor;
				CODE_SIGN_STYLE = Automatic;
				CURRENT_PROJECT_VERSION = 1;
				DEVELOPMENT_TEAM = 99FHZVWMRA;
				GENERATE_INFOPLIST_FILE = YES;
				INFOPLIST_FILE = EssentialApp/Info.plist;
				INFOPLIST_KEY_UIApplicationSupportsIndirectInputEvents = YES;
				INFOPLIST_KEY_UILaunchStoryboardName = LaunchScreen;
				INFOPLIST_KEY_UIMainStoryboardFile = Main;
				INFOPLIST_KEY_UISupportedInterfaceOrientations = UIInterfaceOrientationPortrait;
				LD_RUNPATH_SEARCH_PATHS = (
					"$(inherited)",
					"@executable_path/Frameworks",
				);
				MARKETING_VERSION = 1.0;
				PRODUCT_BUNDLE_IDENTIFIER = com.exampleEssentialFeed.EssentialApp;
				PRODUCT_NAME = "$(TARGET_NAME)";
				SWIFT_EMIT_LOC_STRINGS = YES;
				SWIFT_VERSION = 5.0;
				TARGETED_DEVICE_FAMILY = "1,2";
			};
			name = Debug;
		};
		3AF2D8B528EE3351007D5098 /* Release */ = {
			isa = XCBuildConfiguration;
			buildSettings = {
				ASSETCATALOG_COMPILER_APPICON_NAME = AppIcon;
				ASSETCATALOG_COMPILER_GLOBAL_ACCENT_COLOR_NAME = AccentColor;
				CODE_SIGN_STYLE = Automatic;
				CURRENT_PROJECT_VERSION = 1;
				DEVELOPMENT_TEAM = 99FHZVWMRA;
				GENERATE_INFOPLIST_FILE = YES;
				INFOPLIST_FILE = EssentialApp/Info.plist;
				INFOPLIST_KEY_UIApplicationSupportsIndirectInputEvents = YES;
				INFOPLIST_KEY_UILaunchStoryboardName = LaunchScreen;
				INFOPLIST_KEY_UIMainStoryboardFile = Main;
				INFOPLIST_KEY_UISupportedInterfaceOrientations = UIInterfaceOrientationPortrait;
				LD_RUNPATH_SEARCH_PATHS = (
					"$(inherited)",
					"@executable_path/Frameworks",
				);
				MARKETING_VERSION = 1.0;
				PRODUCT_BUNDLE_IDENTIFIER = com.exampleEssentialFeed.EssentialApp;
				PRODUCT_NAME = "$(TARGET_NAME)";
				SWIFT_EMIT_LOC_STRINGS = YES;
				SWIFT_VERSION = 5.0;
				TARGETED_DEVICE_FAMILY = "1,2";
			};
			name = Release;
		};
		3AF2D8B728EE3351007D5098 /* Debug */ = {
			isa = XCBuildConfiguration;
			buildSettings = {
				ALWAYS_EMBED_SWIFT_STANDARD_LIBRARIES = YES;
				BUNDLE_LOADER = "$(TEST_HOST)";
				CODE_SIGN_STYLE = Automatic;
				CURRENT_PROJECT_VERSION = 1;
				DEVELOPMENT_TEAM = 99FHZVWMRA;
				GENERATE_INFOPLIST_FILE = YES;
				IPHONEOS_DEPLOYMENT_TARGET = 16.0;
				MARKETING_VERSION = 1.0;
				PRODUCT_BUNDLE_IDENTIFIER = com.exampleEssentialFeed.EssentialAppTests;
				PRODUCT_NAME = "$(TARGET_NAME)";
				SWIFT_EMIT_LOC_STRINGS = NO;
				SWIFT_VERSION = 5.0;
				TARGETED_DEVICE_FAMILY = "1,2";
				TEST_HOST = "$(BUILT_PRODUCTS_DIR)/EssentialApp.app/$(BUNDLE_EXECUTABLE_FOLDER_PATH)/EssentialApp";
			};
			name = Debug;
		};
		3AF2D8B828EE3351007D5098 /* Release */ = {
			isa = XCBuildConfiguration;
			buildSettings = {
				ALWAYS_EMBED_SWIFT_STANDARD_LIBRARIES = YES;
				BUNDLE_LOADER = "$(TEST_HOST)";
				CODE_SIGN_STYLE = Automatic;
				CURRENT_PROJECT_VERSION = 1;
				DEVELOPMENT_TEAM = 99FHZVWMRA;
				GENERATE_INFOPLIST_FILE = YES;
				IPHONEOS_DEPLOYMENT_TARGET = 16.0;
				MARKETING_VERSION = 1.0;
				PRODUCT_BUNDLE_IDENTIFIER = com.exampleEssentialFeed.EssentialAppTests;
				PRODUCT_NAME = "$(TARGET_NAME)";
				SWIFT_EMIT_LOC_STRINGS = NO;
				SWIFT_VERSION = 5.0;
				TARGETED_DEVICE_FAMILY = "1,2";
				TEST_HOST = "$(BUILT_PRODUCTS_DIR)/EssentialApp.app/$(BUNDLE_EXECUTABLE_FOLDER_PATH)/EssentialApp";
			};
			name = Release;
		};
/* End XCBuildConfiguration section */

/* Begin XCConfigurationList section */
		3AF2D88428EE334F007D5098 /* Build configuration list for PBXProject "EssentialApp" */ = {
			isa = XCConfigurationList;
			buildConfigurations = (
				3AF2D8B128EE3351007D5098 /* Debug */,
				3AF2D8B228EE3351007D5098 /* Release */,
			);
			defaultConfigurationIsVisible = 0;
			defaultConfigurationName = Release;
		};
		3AF2D8B328EE3351007D5098 /* Build configuration list for PBXNativeTarget "EssentialApp" */ = {
			isa = XCConfigurationList;
			buildConfigurations = (
				3AF2D8B428EE3351007D5098 /* Debug */,
				3AF2D8B528EE3351007D5098 /* Release */,
			);
			defaultConfigurationIsVisible = 0;
			defaultConfigurationName = Release;
		};
		3AF2D8B628EE3351007D5098 /* Build configuration list for PBXNativeTarget "EssentialAppTests" */ = {
			isa = XCConfigurationList;
			buildConfigurations = (
				3AF2D8B728EE3351007D5098 /* Debug */,
				3AF2D8B828EE3351007D5098 /* Release */,
			);
			defaultConfigurationIsVisible = 0;
			defaultConfigurationName = Release;
		};
/* End XCConfigurationList section */
	};
	rootObject = 3AF2D88128EE334F007D5098 /* Project object */;
}
